// !$*UTF8*$!
{
	archiveVersion = 1;
	classes = {
	};
	objectVersion = 46;
	objects = {

/* Begin PBXBuildFile section */
		2C08A8411BB934940077FE53 /* SBAddPlayerView.m in Sources */ = {isa = PBXBuildFile; fileRef = 2C08A8401BB934940077FE53 /* SBAddPlayerView.m */; settings = {ASSET_TAGS = (); }; };
		2C08A8431BB934A10077FE53 /* SBAddPlayerView.xib in Resources */ = {isa = PBXBuildFile; fileRef = 2C08A8421BB934A10077FE53 /* SBAddPlayerView.xib */; settings = {ASSET_TAGS = (); }; };
		2C08A8521BB9366F0077FE53 /* LewPopupBackgroundView.m in Sources */ = {isa = PBXBuildFile; fileRef = 2C08A8461BB9366F0077FE53 /* LewPopupBackgroundView.m */; settings = {ASSET_TAGS = (); }; };
		2C08A8531BB9366F0077FE53 /* LewPopupViewAnimationDrop.m in Sources */ = {isa = PBXBuildFile; fileRef = 2C08A8481BB9366F0077FE53 /* LewPopupViewAnimationDrop.m */; settings = {ASSET_TAGS = (); }; };
		2C08A8541BB9366F0077FE53 /* LewPopupViewAnimationFade.m in Sources */ = {isa = PBXBuildFile; fileRef = 2C08A84A1BB9366F0077FE53 /* LewPopupViewAnimationFade.m */; settings = {ASSET_TAGS = (); }; };
		2C08A8551BB9366F0077FE53 /* LewPopupViewAnimationSlide.m in Sources */ = {isa = PBXBuildFile; fileRef = 2C08A84C1BB9366F0077FE53 /* LewPopupViewAnimationSlide.m */; settings = {ASSET_TAGS = (); }; };
		2C08A8561BB9366F0077FE53 /* LewPopupViewAnimationSpring.m in Sources */ = {isa = PBXBuildFile; fileRef = 2C08A84E1BB9366F0077FE53 /* LewPopupViewAnimationSpring.m */; settings = {ASSET_TAGS = (); }; };
		2C08A8571BB9366F0077FE53 /* UIViewController+LewPopupViewController.m in Sources */ = {isa = PBXBuildFile; fileRef = 2C08A8511BB9366F0077FE53 /* UIViewController+LewPopupViewController.m */; settings = {ASSET_TAGS = (); }; };
		2C0A52501BD08613007F1E32 /* SBAutoSaveVCTL.m in Sources */ = {isa = PBXBuildFile; fileRef = 2C0A524E1BD08613007F1E32 /* SBAutoSaveVCTL.m */; settings = {ASSET_TAGS = (); }; };
		2C0A52511BD08613007F1E32 /* SBAutoSaveVCTL.xib in Resources */ = {isa = PBXBuildFile; fileRef = 2C0A524F1BD08613007F1E32 /* SBAutoSaveVCTL.xib */; settings = {ASSET_TAGS = (); }; };
		2C0A52551BD08648007F1E32 /* SBHistoryViewAutoSaveCell.m in Sources */ = {isa = PBXBuildFile; fileRef = 2C0A52531BD08648007F1E32 /* SBHistoryViewAutoSaveCell.m */; settings = {ASSET_TAGS = (); }; };
		2C0A52561BD08648007F1E32 /* SBHistoryViewAutoSaveCell.xib in Resources */ = {isa = PBXBuildFile; fileRef = 2C0A52541BD08648007F1E32 /* SBHistoryViewAutoSaveCell.xib */; settings = {ASSET_TAGS = (); }; };
		2C1C92C81BD08E71009573E6 /* SBAutoSaveCell.m in Sources */ = {isa = PBXBuildFile; fileRef = 2C1C92C61BD08E71009573E6 /* SBAutoSaveCell.m */; settings = {ASSET_TAGS = (); }; };
		2C1C92C91BD08E71009573E6 /* SBAutoSaveCell.xib in Resources */ = {isa = PBXBuildFile; fileRef = 2C1C92C71BD08E71009573E6 /* SBAutoSaveCell.xib */; settings = {ASSET_TAGS = (); }; };
		2C1C92CC1BD09362009573E6 /* SBMainViewSaveDataView.m in Sources */ = {isa = PBXBuildFile; fileRef = 2C1C92CB1BD09362009573E6 /* SBMainViewSaveDataView.m */; settings = {ASSET_TAGS = (); }; };
		2C1C92CE1BD09373009573E6 /* SBMainViewSaveDataView.xib in Resources */ = {isa = PBXBuildFile; fileRef = 2C1C92CD1BD09373009573E6 /* SBMainViewSaveDataView.xib */; settings = {ASSET_TAGS = (); }; };
		2C1C92D71BD0D0BA009573E6 /* SBAddScoreHelper.m in Sources */ = {isa = PBXBuildFile; fileRef = 2C1C92D61BD0D0BA009573E6 /* SBAddScoreHelper.m */; settings = {ASSET_TAGS = (); }; };
		2C2A16501BCF53CC00D065CD /* MBProgressHUD.m in Sources */ = {isa = PBXBuildFile; fileRef = 2C2A164F1BCF53CC00D065CD /* MBProgressHUD.m */; settings = {ASSET_TAGS = (); }; };
		2C2A165F1BCF6C3300D065CD /* SBHistoryVCTL.m in Sources */ = {isa = PBXBuildFile; fileRef = 2C2A165D1BCF6C3300D065CD /* SBHistoryVCTL.m */; settings = {ASSET_TAGS = (); }; };
		2C2A16601BCF6C3300D065CD /* SBHistoryVCTL.xib in Resources */ = {isa = PBXBuildFile; fileRef = 2C2A165E1BCF6C3300D065CD /* SBHistoryVCTL.xib */; settings = {ASSET_TAGS = (); }; };
		2C2A16691BCF6FF800D065CD /* SBHistoryViewCell.m in Sources */ = {isa = PBXBuildFile; fileRef = 2C2A16671BCF6FF700D065CD /* SBHistoryViewCell.m */; settings = {ASSET_TAGS = (); }; };
		2C2A166A1BCF6FF800D065CD /* SBHistoryViewCell.xib in Resources */ = {isa = PBXBuildFile; fileRef = 2C2A16681BCF6FF700D065CD /* SBHistoryViewCell.xib */; settings = {ASSET_TAGS = (); }; };
		2C2A16761BCF8F5300D065CD /* SBLocalSaveModel.m in Sources */ = {isa = PBXBuildFile; fileRef = 2C2A16751BCF8F5300D065CD /* SBLocalSaveModel.m */; settings = {ASSET_TAGS = (); }; };
		2C2B50981BBBB4BE0068C1D5 /* SBAddScoreCell.m in Sources */ = {isa = PBXBuildFile; fileRef = 2C2B50961BBBB4BE0068C1D5 /* SBAddScoreCell.m */; settings = {ASSET_TAGS = (); }; };
		2C2B50991BBBB4BE0068C1D5 /* SBAddScoreCell.xib in Resources */ = {isa = PBXBuildFile; fileRef = 2C2B50971BBBB4BE0068C1D5 /* SBAddScoreCell.xib */; settings = {ASSET_TAGS = (); }; };
		2C3A83CA1BB8E4F800A335B5 /* SBAddPlayerVCTL.m in Sources */ = {isa = PBXBuildFile; fileRef = 2C3A83C81BB8E4F800A335B5 /* SBAddPlayerVCTL.m */; settings = {ASSET_TAGS = (); }; };
		2C3A83CB1BB8E4F800A335B5 /* SBAddPlayerVCTL.xib in Resources */ = {isa = PBXBuildFile; fileRef = 2C3A83C91BB8E4F800A335B5 /* SBAddPlayerVCTL.xib */; settings = {ASSET_TAGS = (); }; };
		2C3A83D01BB8E6BC00A335B5 /* SBAddScoreVCTL.m in Sources */ = {isa = PBXBuildFile; fileRef = 2C3A83CE1BB8E6BC00A335B5 /* SBAddScoreVCTL.m */; settings = {ASSET_TAGS = (); }; };
		2C3A83D11BB8E6BC00A335B5 /* SBAddScoreVCTL.xib in Resources */ = {isa = PBXBuildFile; fileRef = 2C3A83CF1BB8E6BC00A335B5 /* SBAddScoreVCTL.xib */; settings = {ASSET_TAGS = (); }; };
		2C3A83F11BB9053200A335B5 /* MGSwipeButton.m in Sources */ = {isa = PBXBuildFile; fileRef = 2C3A83EE1BB9053200A335B5 /* MGSwipeButton.m */; settings = {ASSET_TAGS = (); }; };
		2C3A83F21BB9053200A335B5 /* MGSwipeTableCell.m in Sources */ = {isa = PBXBuildFile; fileRef = 2C3A83F01BB9053200A335B5 /* MGSwipeTableCell.m */; settings = {ASSET_TAGS = (); }; };
		2C3A83F91BB905EC00A335B5 /* SBAddPlayerCell.m in Sources */ = {isa = PBXBuildFile; fileRef = 2C3A83F71BB905EC00A335B5 /* SBAddPlayerCell.m */; settings = {ASSET_TAGS = (); }; };
		2C3A83FA1BB905EC00A335B5 /* SBAddPlayerCell.xib in Resources */ = {isa = PBXBuildFile; fileRef = 2C3A83F81BB905EC00A335B5 /* SBAddPlayerCell.xib */; settings = {ASSET_TAGS = (); }; };
		2C65D6DD1BB38F5C00D22F29 /* main.m in Sources */ = {isa = PBXBuildFile; fileRef = 2C65D6DC1BB38F5C00D22F29 /* main.m */; };
		2C65D6E01BB38F5C00D22F29 /* AppDelegate.m in Sources */ = {isa = PBXBuildFile; fileRef = 2C65D6DF1BB38F5C00D22F29 /* AppDelegate.m */; };
		2C65D6E81BB38F5C00D22F29 /* Assets.xcassets in Resources */ = {isa = PBXBuildFile; fileRef = 2C65D6E71BB38F5C00D22F29 /* Assets.xcassets */; };
		2C65D71A1BB39DBF00D22F29 /* SBBasicVCTL.m in Sources */ = {isa = PBXBuildFile; fileRef = 2C65D7191BB39DBF00D22F29 /* SBBasicVCTL.m */; settings = {ASSET_TAGS = (); }; };
		2C65D71E1BB39DCE00D22F29 /* SBHomeVCTL.m in Sources */ = {isa = PBXBuildFile; fileRef = 2C65D71C1BB39DCE00D22F29 /* SBHomeVCTL.m */; settings = {ASSET_TAGS = (); }; };
		2C65D71F1BB39DCE00D22F29 /* SBHomeVCTL.xib in Resources */ = {isa = PBXBuildFile; fileRef = 2C65D71D1BB39DCE00D22F29 /* SBHomeVCTL.xib */; settings = {ASSET_TAGS = (); }; };
		2C65D7291BB39E4100D22F29 /* 11519e91feb69ea389a9fc8ec5e2a61d_256_256.png in Resources */ = {isa = PBXBuildFile; fileRef = 2C65D7211BB39E4100D22F29 /* 11519e91feb69ea389a9fc8ec5e2a61d_256_256.png */; settings = {ASSET_TAGS = (); }; };
		2C65D72A1BB39E4100D22F29 /* icon_120.png in Resources */ = {isa = PBXBuildFile; fileRef = 2C65D7221BB39E4100D22F29 /* icon_120.png */; settings = {ASSET_TAGS = (); }; };
		2C65D72B1BB39E4100D22F29 /* icon_152.png in Resources */ = {isa = PBXBuildFile; fileRef = 2C65D7231BB39E4100D22F29 /* icon_152.png */; settings = {ASSET_TAGS = (); }; };
		2C65D72C1BB39E4100D22F29 /* icon_29.png in Resources */ = {isa = PBXBuildFile; fileRef = 2C65D7241BB39E4100D22F29 /* icon_29.png */; settings = {ASSET_TAGS = (); }; };
		2C65D72D1BB39E4100D22F29 /* icon_40.png in Resources */ = {isa = PBXBuildFile; fileRef = 2C65D7251BB39E4100D22F29 /* icon_40.png */; settings = {ASSET_TAGS = (); }; };
		2C65D72E1BB39E4100D22F29 /* icon_58.png in Resources */ = {isa = PBXBuildFile; fileRef = 2C65D7261BB39E4100D22F29 /* icon_58.png */; settings = {ASSET_TAGS = (); }; };
		2C65D72F1BB39E4100D22F29 /* icon_76.png in Resources */ = {isa = PBXBuildFile; fileRef = 2C65D7271BB39E4100D22F29 /* icon_76.png */; settings = {ASSET_TAGS = (); }; };
		2C65D7301BB39E4100D22F29 /* icon_80.png in Resources */ = {isa = PBXBuildFile; fileRef = 2C65D7281BB39E4100D22F29 /* icon_80.png */; settings = {ASSET_TAGS = (); }; };
		2C89BA921BB51AB200685F4B /* SBMainVCTL.m in Sources */ = {isa = PBXBuildFile; fileRef = 2C89BA901BB51AB200685F4B /* SBMainVCTL.m */; settings = {ASSET_TAGS = (); }; };
		2C89BA931BB51AB200685F4B /* SBMainVCTL.xib in Resources */ = {isa = PBXBuildFile; fileRef = 2C89BA911BB51AB200685F4B /* SBMainVCTL.xib */; settings = {ASSET_TAGS = (); }; };
		2C89BA961BB51ACF00685F4B /* SBData.m in Sources */ = {isa = PBXBuildFile; fileRef = 2C89BA951BB51ACF00685F4B /* SBData.m */; settings = {ASSET_TAGS = (); }; };
		2C89BA991BB51ADF00685F4B /* SBHelper.m in Sources */ = {isa = PBXBuildFile; fileRef = 2C89BA981BB51ADF00685F4B /* SBHelper.m */; settings = {ASSET_TAGS = (); }; };
		2C89BA9C1BB51C1100685F4B /* SBPerson.m in Sources */ = {isa = PBXBuildFile; fileRef = 2C89BA9B1BB51C1100685F4B /* SBPerson.m */; settings = {ASSET_TAGS = (); }; };
		2C89BAA31BB5241E00685F4B /* SBMainViewCell.m in Sources */ = {isa = PBXBuildFile; fileRef = 2C89BAA11BB5241E00685F4B /* SBMainViewCell.m */; settings = {ASSET_TAGS = (); }; };
		2C89BAA41BB5241E00685F4B /* SBMainViewCell.xib in Resources */ = {isa = PBXBuildFile; fileRef = 2C89BAA21BB5241E00685F4B /* SBMainViewCell.xib */; settings = {ASSET_TAGS = (); }; };
		2C89BAA71BB5243F00685F4B /* SBBasicTableViewCell.m in Sources */ = {isa = PBXBuildFile; fileRef = 2C89BAA61BB5243F00685F4B /* SBBasicTableViewCell.m */; settings = {ASSET_TAGS = (); }; };
		2C89BAAA1BB524C300685F4B /* SBCommonDefine.m in Sources */ = {isa = PBXBuildFile; fileRef = 2C89BAA91BB524C300685F4B /* SBCommonDefine.m */; settings = {ASSET_TAGS = (); }; };
		2C89BAAD1BB52CD100685F4B /* SBMainViewHeader.m in Sources */ = {isa = PBXBuildFile; fileRef = 2C89BAAC1BB52CD100685F4B /* SBMainViewHeader.m */; settings = {ASSET_TAGS = (); }; };
		2C8BAB4A1BC7A416000FD2DF /* LaunchScreen.storyboard in Resources */ = {isa = PBXBuildFile; fileRef = 2C8BAB491BC7A416000FD2DF /* LaunchScreen.storyboard */; settings = {ASSET_TAGS = (); }; };
		2CB381981BCF347100D4F33F /* JSONKit.m in Sources */ = {isa = PBXBuildFile; fileRef = 2CB381971BCF347100D4F33F /* JSONKit.m */; settings = {COMPILER_FLAGS = "-fno-objc-arc"; }; };
		2CB3819B1BCF363600D4F33F /* SBLocalSaveHelper.m in Sources */ = {isa = PBXBuildFile; fileRef = 2CB3819A1BCF363600D4F33F /* SBLocalSaveHelper.m */; settings = {ASSET_TAGS = (); }; };
		2CE092DF1BC60ADF00027EED /* SBBasicCollectionViewCell.m in Sources */ = {isa = PBXBuildFile; fileRef = 2CE092DE1BC60ADF00027EED /* SBBasicCollectionViewCell.m */; settings = {ASSET_TAGS = (); }; };
		2CE092EC1BC6344D00027EED /* SBAddScoreTempModule.m in Sources */ = {isa = PBXBuildFile; fileRef = 2CE092EB1BC6344D00027EED /* SBAddScoreTempModule.m */; settings = {ASSET_TAGS = (); }; };
		2CE1F35D1BCE4C5400B82CAE /* SB3dTouchVCTL.m in Sources */ = {isa = PBXBuildFile; fileRef = 2CE1F35B1BCE4C5400B82CAE /* SB3dTouchVCTL.m */; settings = {ASSET_TAGS = (); }; };
		2CE1F35E1BCE4C5400B82CAE /* SB3dTouchVCTL.xib in Resources */ = {isa = PBXBuildFile; fileRef = 2CE1F35C1BCE4C5400B82CAE /* SB3dTouchVCTL.xib */; settings = {ASSET_TAGS = (); }; };
		2CE329C51BBA3729008259DD /* UITextField+Shake.m in Sources */ = {isa = PBXBuildFile; fileRef = 2CE329C41BBA3729008259DD /* UITextField+Shake.m */; settings = {ASSET_TAGS = (); }; };
		2CE5192F1BC76348004DC6BD /* IQNSArray+Sort.m in Sources */ = {isa = PBXBuildFile; fileRef = 2CE5190D1BC76348004DC6BD /* IQNSArray+Sort.m */; settings = {ASSET_TAGS = (); }; };
		2CE519301BC76348004DC6BD /* IQUITextFieldView+Additions.m in Sources */ = {isa = PBXBuildFile; fileRef = 2CE5190F1BC76348004DC6BD /* IQUITextFieldView+Additions.m */; settings = {ASSET_TAGS = (); }; };
		2CE519311BC76348004DC6BD /* IQUIView+Hierarchy.m in Sources */ = {isa = PBXBuildFile; fileRef = 2CE519111BC76348004DC6BD /* IQUIView+Hierarchy.m */; settings = {ASSET_TAGS = (); }; };
		2CE519321BC76348004DC6BD /* IQUIViewController+Additions.m in Sources */ = {isa = PBXBuildFile; fileRef = 2CE519131BC76348004DC6BD /* IQUIViewController+Additions.m */; settings = {ASSET_TAGS = (); }; };
		2CE519331BC76348004DC6BD /* IQUIWindow+Hierarchy.m in Sources */ = {isa = PBXBuildFile; fileRef = 2CE519151BC76348004DC6BD /* IQUIWindow+Hierarchy.m */; settings = {ASSET_TAGS = (); }; };
		2CE519341BC76348004DC6BD /* IQKeyboardManager.m in Sources */ = {isa = PBXBuildFile; fileRef = 2CE5191A1BC76348004DC6BD /* IQKeyboardManager.m */; settings = {ASSET_TAGS = (); }; };
		2CE519351BC76348004DC6BD /* IQKeyboardReturnKeyHandler.m in Sources */ = {isa = PBXBuildFile; fileRef = 2CE5191C1BC76348004DC6BD /* IQKeyboardReturnKeyHandler.m */; settings = {ASSET_TAGS = (); }; };
		2CE519361BC76348004DC6BD /* IQSegmentedNextPrevious.m in Sources */ = {isa = PBXBuildFile; fileRef = 2CE5191F1BC76348004DC6BD /* IQSegmentedNextPrevious.m */; settings = {ASSET_TAGS = (); }; };
		2CE519371BC76348004DC6BD /* IQTextView.m in Sources */ = {isa = PBXBuildFile; fileRef = 2CE519221BC76348004DC6BD /* IQTextView.m */; settings = {ASSET_TAGS = (); }; };
		2CE519381BC76348004DC6BD /* IQBarButtonItem.m in Sources */ = {isa = PBXBuildFile; fileRef = 2CE519251BC76348004DC6BD /* IQBarButtonItem.m */; settings = {ASSET_TAGS = (); }; };
		2CE519391BC76348004DC6BD /* IQTitleBarButtonItem.m in Sources */ = {isa = PBXBuildFile; fileRef = 2CE519271BC76348004DC6BD /* IQTitleBarButtonItem.m */; settings = {ASSET_TAGS = (); }; };
		2CE5193A1BC76348004DC6BD /* IQToolbar.m in Sources */ = {isa = PBXBuildFile; fileRef = 2CE519291BC76348004DC6BD /* IQToolbar.m */; settings = {ASSET_TAGS = (); }; };
		2CE5193B1BC76348004DC6BD /* IQUIView+IQKeyboardToolbar.m in Sources */ = {isa = PBXBuildFile; fileRef = 2CE5192B1BC76348004DC6BD /* IQUIView+IQKeyboardToolbar.m */; settings = {ASSET_TAGS = (); }; };
		2CE5193C1BC76348004DC6BD /* IQKeyboardManager.bundle in Resources */ = {isa = PBXBuildFile; fileRef = 2CE5192E1BC76348004DC6BD /* IQKeyboardManager.bundle */; settings = {ASSET_TAGS = (); }; };
/* End PBXBuildFile section */

/* Begin PBXFileReference section */
		2C08A83F1BB934940077FE53 /* SBAddPlayerView.h */ = {isa = PBXFileReference; fileEncoding = 4; lastKnownFileType = sourcecode.c.h; path = SBAddPlayerView.h; sourceTree = "<group>"; };
		2C08A8401BB934940077FE53 /* SBAddPlayerView.m */ = {isa = PBXFileReference; fileEncoding = 4; lastKnownFileType = sourcecode.c.objc; path = SBAddPlayerView.m; sourceTree = "<group>"; };
		2C08A8421BB934A10077FE53 /* SBAddPlayerView.xib */ = {isa = PBXFileReference; fileEncoding = 4; lastKnownFileType = file.xib; path = SBAddPlayerView.xib; sourceTree = "<group>"; };
		2C08A8451BB9366F0077FE53 /* LewPopupBackgroundView.h */ = {isa = PBXFileReference; fileEncoding = 4; lastKnownFileType = sourcecode.c.h; path = LewPopupBackgroundView.h; sourceTree = "<group>"; };
		2C08A8461BB9366F0077FE53 /* LewPopupBackgroundView.m */ = {isa = PBXFileReference; fileEncoding = 4; lastKnownFileType = sourcecode.c.objc; path = LewPopupBackgroundView.m; sourceTree = "<group>"; };
		2C08A8471BB9366F0077FE53 /* LewPopupViewAnimationDrop.h */ = {isa = PBXFileReference; fileEncoding = 4; lastKnownFileType = sourcecode.c.h; path = LewPopupViewAnimationDrop.h; sourceTree = "<group>"; };
		2C08A8481BB9366F0077FE53 /* LewPopupViewAnimationDrop.m */ = {isa = PBXFileReference; fileEncoding = 4; lastKnownFileType = sourcecode.c.objc; path = LewPopupViewAnimationDrop.m; sourceTree = "<group>"; };
		2C08A8491BB9366F0077FE53 /* LewPopupViewAnimationFade.h */ = {isa = PBXFileReference; fileEncoding = 4; lastKnownFileType = sourcecode.c.h; path = LewPopupViewAnimationFade.h; sourceTree = "<group>"; };
		2C08A84A1BB9366F0077FE53 /* LewPopupViewAnimationFade.m */ = {isa = PBXFileReference; fileEncoding = 4; lastKnownFileType = sourcecode.c.objc; path = LewPopupViewAnimationFade.m; sourceTree = "<group>"; };
		2C08A84B1BB9366F0077FE53 /* LewPopupViewAnimationSlide.h */ = {isa = PBXFileReference; fileEncoding = 4; lastKnownFileType = sourcecode.c.h; path = LewPopupViewAnimationSlide.h; sourceTree = "<group>"; };
		2C08A84C1BB9366F0077FE53 /* LewPopupViewAnimationSlide.m */ = {isa = PBXFileReference; fileEncoding = 4; lastKnownFileType = sourcecode.c.objc; path = LewPopupViewAnimationSlide.m; sourceTree = "<group>"; };
		2C08A84D1BB9366F0077FE53 /* LewPopupViewAnimationSpring.h */ = {isa = PBXFileReference; fileEncoding = 4; lastKnownFileType = sourcecode.c.h; path = LewPopupViewAnimationSpring.h; sourceTree = "<group>"; };
		2C08A84E1BB9366F0077FE53 /* LewPopupViewAnimationSpring.m */ = {isa = PBXFileReference; fileEncoding = 4; lastKnownFileType = sourcecode.c.objc; path = LewPopupViewAnimationSpring.m; sourceTree = "<group>"; };
		2C08A84F1BB9366F0077FE53 /* LewPopupViewController.h */ = {isa = PBXFileReference; fileEncoding = 4; lastKnownFileType = sourcecode.c.h; path = LewPopupViewController.h; sourceTree = "<group>"; };
		2C08A8501BB9366F0077FE53 /* UIViewController+LewPopupViewController.h */ = {isa = PBXFileReference; fileEncoding = 4; lastKnownFileType = sourcecode.c.h; path = "UIViewController+LewPopupViewController.h"; sourceTree = "<group>"; };
		2C08A8511BB9366F0077FE53 /* UIViewController+LewPopupViewController.m */ = {isa = PBXFileReference; fileEncoding = 4; lastKnownFileType = sourcecode.c.objc; path = "UIViewController+LewPopupViewController.m"; sourceTree = "<group>"; };
		2C0A524D1BD08613007F1E32 /* SBAutoSaveVCTL.h */ = {isa = PBXFileReference; fileEncoding = 4; lastKnownFileType = sourcecode.c.h; path = SBAutoSaveVCTL.h; sourceTree = "<group>"; };
		2C0A524E1BD08613007F1E32 /* SBAutoSaveVCTL.m */ = {isa = PBXFileReference; fileEncoding = 4; lastKnownFileType = sourcecode.c.objc; path = SBAutoSaveVCTL.m; sourceTree = "<group>"; };
		2C0A524F1BD08613007F1E32 /* SBAutoSaveVCTL.xib */ = {isa = PBXFileReference; fileEncoding = 4; lastKnownFileType = file.xib; path = SBAutoSaveVCTL.xib; sourceTree = "<group>"; };
		2C0A52521BD08648007F1E32 /* SBHistoryViewAutoSaveCell.h */ = {isa = PBXFileReference; fileEncoding = 4; lastKnownFileType = sourcecode.c.h; path = SBHistoryViewAutoSaveCell.h; sourceTree = "<group>"; };
		2C0A52531BD08648007F1E32 /* SBHistoryViewAutoSaveCell.m */ = {isa = PBXFileReference; fileEncoding = 4; lastKnownFileType = sourcecode.c.objc; path = SBHistoryViewAutoSaveCell.m; sourceTree = "<group>"; };
		2C0A52541BD08648007F1E32 /* SBHistoryViewAutoSaveCell.xib */ = {isa = PBXFileReference; fileEncoding = 4; lastKnownFileType = file.xib; path = SBHistoryViewAutoSaveCell.xib; sourceTree = "<group>"; };
		2C1C92C51BD08E71009573E6 /* SBAutoSaveCell.h */ = {isa = PBXFileReference; fileEncoding = 4; lastKnownFileType = sourcecode.c.h; path = SBAutoSaveCell.h; sourceTree = "<group>"; };
		2C1C92C61BD08E71009573E6 /* SBAutoSaveCell.m */ = {isa = PBXFileReference; fileEncoding = 4; lastKnownFileType = sourcecode.c.objc; path = SBAutoSaveCell.m; sourceTree = "<group>"; };
		2C1C92C71BD08E71009573E6 /* SBAutoSaveCell.xib */ = {isa = PBXFileReference; fileEncoding = 4; lastKnownFileType = file.xib; path = SBAutoSaveCell.xib; sourceTree = "<group>"; };
		2C1C92CA1BD09362009573E6 /* SBMainViewSaveDataView.h */ = {isa = PBXFileReference; fileEncoding = 4; lastKnownFileType = sourcecode.c.h; path = SBMainViewSaveDataView.h; sourceTree = "<group>"; };
		2C1C92CB1BD09362009573E6 /* SBMainViewSaveDataView.m */ = {isa = PBXFileReference; fileEncoding = 4; lastKnownFileType = sourcecode.c.objc; path = SBMainViewSaveDataView.m; sourceTree = "<group>"; };
		2C1C92CD1BD09373009573E6 /* SBMainViewSaveDataView.xib */ = {isa = PBXFileReference; fileEncoding = 4; lastKnownFileType = file.xib; path = SBMainViewSaveDataView.xib; sourceTree = "<group>"; };
		2C1C92D51BD0D0BA009573E6 /* SBAddScoreHelper.h */ = {isa = PBXFileReference; fileEncoding = 4; lastKnownFileType = sourcecode.c.h; path = SBAddScoreHelper.h; sourceTree = "<group>"; };
		2C1C92D61BD0D0BA009573E6 /* SBAddScoreHelper.m */ = {isa = PBXFileReference; fileEncoding = 4; lastKnownFileType = sourcecode.c.objc; path = SBAddScoreHelper.m; sourceTree = "<group>"; };
		2C2A164E1BCF53CC00D065CD /* MBProgressHUD.h */ = {isa = PBXFileReference; fileEncoding = 4; lastKnownFileType = sourcecode.c.h; path = MBProgressHUD.h; sourceTree = "<group>"; };
		2C2A164F1BCF53CC00D065CD /* MBProgressHUD.m */ = {isa = PBXFileReference; fileEncoding = 4; lastKnownFileType = sourcecode.c.objc; path = MBProgressHUD.m; sourceTree = "<group>"; };
		2C2A165C1BCF6C3300D065CD /* SBHistoryVCTL.h */ = {isa = PBXFileReference; fileEncoding = 4; lastKnownFileType = sourcecode.c.h; path = SBHistoryVCTL.h; sourceTree = "<group>"; };
		2C2A165D1BCF6C3300D065CD /* SBHistoryVCTL.m */ = {isa = PBXFileReference; fileEncoding = 4; lastKnownFileType = sourcecode.c.objc; path = SBHistoryVCTL.m; sourceTree = "<group>"; };
		2C2A165E1BCF6C3300D065CD /* SBHistoryVCTL.xib */ = {isa = PBXFileReference; fileEncoding = 4; lastKnownFileType = file.xib; path = SBHistoryVCTL.xib; sourceTree = "<group>"; };
		2C2A16661BCF6FF700D065CD /* SBHistoryViewCell.h */ = {isa = PBXFileReference; fileEncoding = 4; lastKnownFileType = sourcecode.c.h; path = SBHistoryViewCell.h; sourceTree = "<group>"; };
		2C2A16671BCF6FF700D065CD /* SBHistoryViewCell.m */ = {isa = PBXFileReference; fileEncoding = 4; lastKnownFileType = sourcecode.c.objc; path = SBHistoryViewCell.m; sourceTree = "<group>"; };
		2C2A16681BCF6FF700D065CD /* SBHistoryViewCell.xib */ = {isa = PBXFileReference; fileEncoding = 4; lastKnownFileType = file.xib; path = SBHistoryViewCell.xib; sourceTree = "<group>"; };
		2C2A16741BCF8F5300D065CD /* SBLocalSaveModel.h */ = {isa = PBXFileReference; fileEncoding = 4; lastKnownFileType = sourcecode.c.h; path = SBLocalSaveModel.h; sourceTree = "<group>"; };
		2C2A16751BCF8F5300D065CD /* SBLocalSaveModel.m */ = {isa = PBXFileReference; fileEncoding = 4; lastKnownFileType = sourcecode.c.objc; path = SBLocalSaveModel.m; sourceTree = "<group>"; };
		2C2B50951BBBB4BE0068C1D5 /* SBAddScoreCell.h */ = {isa = PBXFileReference; fileEncoding = 4; lastKnownFileType = sourcecode.c.h; path = SBAddScoreCell.h; sourceTree = "<group>"; };
		2C2B50961BBBB4BE0068C1D5 /* SBAddScoreCell.m */ = {isa = PBXFileReference; fileEncoding = 4; lastKnownFileType = sourcecode.c.objc; path = SBAddScoreCell.m; sourceTree = "<group>"; };
		2C2B50971BBBB4BE0068C1D5 /* SBAddScoreCell.xib */ = {isa = PBXFileReference; fileEncoding = 4; lastKnownFileType = file.xib; path = SBAddScoreCell.xib; sourceTree = "<group>"; };
		2C3A83C71BB8E4F800A335B5 /* SBAddPlayerVCTL.h */ = {isa = PBXFileReference; fileEncoding = 4; lastKnownFileType = sourcecode.c.h; path = SBAddPlayerVCTL.h; sourceTree = "<group>"; };
		2C3A83C81BB8E4F800A335B5 /* SBAddPlayerVCTL.m */ = {isa = PBXFileReference; fileEncoding = 4; lastKnownFileType = sourcecode.c.objc; path = SBAddPlayerVCTL.m; sourceTree = "<group>"; };
		2C3A83C91BB8E4F800A335B5 /* SBAddPlayerVCTL.xib */ = {isa = PBXFileReference; fileEncoding = 4; lastKnownFileType = file.xib; path = SBAddPlayerVCTL.xib; sourceTree = "<group>"; };
		2C3A83CD1BB8E6BC00A335B5 /* SBAddScoreVCTL.h */ = {isa = PBXFileReference; fileEncoding = 4; lastKnownFileType = sourcecode.c.h; path = SBAddScoreVCTL.h; sourceTree = "<group>"; };
		2C3A83CE1BB8E6BC00A335B5 /* SBAddScoreVCTL.m */ = {isa = PBXFileReference; fileEncoding = 4; lastKnownFileType = sourcecode.c.objc; path = SBAddScoreVCTL.m; sourceTree = "<group>"; };
		2C3A83CF1BB8E6BC00A335B5 /* SBAddScoreVCTL.xib */ = {isa = PBXFileReference; fileEncoding = 4; lastKnownFileType = file.xib; path = SBAddScoreVCTL.xib; sourceTree = "<group>"; };
		2C3A83ED1BB9053200A335B5 /* MGSwipeButton.h */ = {isa = PBXFileReference; fileEncoding = 4; lastKnownFileType = sourcecode.c.h; path = MGSwipeButton.h; sourceTree = "<group>"; };
		2C3A83EE1BB9053200A335B5 /* MGSwipeButton.m */ = {isa = PBXFileReference; fileEncoding = 4; lastKnownFileType = sourcecode.c.objc; path = MGSwipeButton.m; sourceTree = "<group>"; };
		2C3A83EF1BB9053200A335B5 /* MGSwipeTableCell.h */ = {isa = PBXFileReference; fileEncoding = 4; lastKnownFileType = sourcecode.c.h; path = MGSwipeTableCell.h; sourceTree = "<group>"; };
		2C3A83F01BB9053200A335B5 /* MGSwipeTableCell.m */ = {isa = PBXFileReference; fileEncoding = 4; lastKnownFileType = sourcecode.c.objc; path = MGSwipeTableCell.m; sourceTree = "<group>"; };
		2C3A83F61BB905EC00A335B5 /* SBAddPlayerCell.h */ = {isa = PBXFileReference; fileEncoding = 4; lastKnownFileType = sourcecode.c.h; path = SBAddPlayerCell.h; sourceTree = "<group>"; };
		2C3A83F71BB905EC00A335B5 /* SBAddPlayerCell.m */ = {isa = PBXFileReference; fileEncoding = 4; lastKnownFileType = sourcecode.c.objc; path = SBAddPlayerCell.m; sourceTree = "<group>"; };
		2C3A83F81BB905EC00A335B5 /* SBAddPlayerCell.xib */ = {isa = PBXFileReference; fileEncoding = 4; lastKnownFileType = file.xib; path = SBAddPlayerCell.xib; sourceTree = "<group>"; };
		2C65D6D81BB38F5C00D22F29 /* scoreBoard.app */ = {isa = PBXFileReference; explicitFileType = wrapper.application; includeInIndex = 0; path = scoreBoard.app; sourceTree = BUILT_PRODUCTS_DIR; };
		2C65D6DC1BB38F5C00D22F29 /* main.m */ = {isa = PBXFileReference; lastKnownFileType = sourcecode.c.objc; path = main.m; sourceTree = "<group>"; };
		2C65D6DE1BB38F5C00D22F29 /* AppDelegate.h */ = {isa = PBXFileReference; lastKnownFileType = sourcecode.c.h; path = AppDelegate.h; sourceTree = "<group>"; };
		2C65D6DF1BB38F5C00D22F29 /* AppDelegate.m */ = {isa = PBXFileReference; lastKnownFileType = sourcecode.c.objc; path = AppDelegate.m; sourceTree = "<group>"; };
		2C65D6E71BB38F5C00D22F29 /* Assets.xcassets */ = {isa = PBXFileReference; lastKnownFileType = folder.assetcatalog; path = Assets.xcassets; sourceTree = "<group>"; };
		2C65D6EC1BB38F5C00D22F29 /* Info.plist */ = {isa = PBXFileReference; lastKnownFileType = text.plist.xml; path = Info.plist; sourceTree = "<group>"; };
		2C65D7181BB39DBF00D22F29 /* SBBasicVCTL.h */ = {isa = PBXFileReference; fileEncoding = 4; lastKnownFileType = sourcecode.c.h; path = SBBasicVCTL.h; sourceTree = "<group>"; };
		2C65D7191BB39DBF00D22F29 /* SBBasicVCTL.m */ = {isa = PBXFileReference; fileEncoding = 4; lastKnownFileType = sourcecode.c.objc; path = SBBasicVCTL.m; sourceTree = "<group>"; };
		2C65D71B1BB39DCE00D22F29 /* SBHomeVCTL.h */ = {isa = PBXFileReference; fileEncoding = 4; lastKnownFileType = sourcecode.c.h; path = SBHomeVCTL.h; sourceTree = "<group>"; };
		2C65D71C1BB39DCE00D22F29 /* SBHomeVCTL.m */ = {isa = PBXFileReference; fileEncoding = 4; lastKnownFileType = sourcecode.c.objc; path = SBHomeVCTL.m; sourceTree = "<group>"; };
		2C65D71D1BB39DCE00D22F29 /* SBHomeVCTL.xib */ = {isa = PBXFileReference; fileEncoding = 4; lastKnownFileType = file.xib; path = SBHomeVCTL.xib; sourceTree = "<group>"; };
		2C65D7211BB39E4100D22F29 /* 11519e91feb69ea389a9fc8ec5e2a61d_256_256.png */ = {isa = PBXFileReference; lastKnownFileType = image.png; path = 11519e91feb69ea389a9fc8ec5e2a61d_256_256.png; sourceTree = "<group>"; };
		2C65D7221BB39E4100D22F29 /* icon_120.png */ = {isa = PBXFileReference; lastKnownFileType = image.png; path = icon_120.png; sourceTree = "<group>"; };
		2C65D7231BB39E4100D22F29 /* icon_152.png */ = {isa = PBXFileReference; lastKnownFileType = image.png; path = icon_152.png; sourceTree = "<group>"; };
		2C65D7241BB39E4100D22F29 /* icon_29.png */ = {isa = PBXFileReference; lastKnownFileType = image.png; path = icon_29.png; sourceTree = "<group>"; };
		2C65D7251BB39E4100D22F29 /* icon_40.png */ = {isa = PBXFileReference; lastKnownFileType = image.png; path = icon_40.png; sourceTree = "<group>"; };
		2C65D7261BB39E4100D22F29 /* icon_58.png */ = {isa = PBXFileReference; lastKnownFileType = image.png; path = icon_58.png; sourceTree = "<group>"; };
		2C65D7271BB39E4100D22F29 /* icon_76.png */ = {isa = PBXFileReference; lastKnownFileType = image.png; path = icon_76.png; sourceTree = "<group>"; };
		2C65D7281BB39E4100D22F29 /* icon_80.png */ = {isa = PBXFileReference; lastKnownFileType = image.png; path = icon_80.png; sourceTree = "<group>"; };
		2C89BA8F1BB51AB200685F4B /* SBMainVCTL.h */ = {isa = PBXFileReference; fileEncoding = 4; lastKnownFileType = sourcecode.c.h; path = SBMainVCTL.h; sourceTree = "<group>"; };
		2C89BA901BB51AB200685F4B /* SBMainVCTL.m */ = {isa = PBXFileReference; fileEncoding = 4; lastKnownFileType = sourcecode.c.objc; path = SBMainVCTL.m; sourceTree = "<group>"; };
		2C89BA911BB51AB200685F4B /* SBMainVCTL.xib */ = {isa = PBXFileReference; fileEncoding = 4; lastKnownFileType = file.xib; path = SBMainVCTL.xib; sourceTree = "<group>"; };
		2C89BA941BB51ACF00685F4B /* SBData.h */ = {isa = PBXFileReference; fileEncoding = 4; lastKnownFileType = sourcecode.c.h; path = SBData.h; sourceTree = "<group>"; };
		2C89BA951BB51ACF00685F4B /* SBData.m */ = {isa = PBXFileReference; fileEncoding = 4; lastKnownFileType = sourcecode.c.objc; path = SBData.m; sourceTree = "<group>"; };
		2C89BA971BB51ADF00685F4B /* SBHelper.h */ = {isa = PBXFileReference; fileEncoding = 4; lastKnownFileType = sourcecode.c.h; path = SBHelper.h; sourceTree = "<group>"; };
		2C89BA981BB51ADF00685F4B /* SBHelper.m */ = {isa = PBXFileReference; fileEncoding = 4; lastKnownFileType = sourcecode.c.objc; path = SBHelper.m; sourceTree = "<group>"; };
		2C89BA9A1BB51C1100685F4B /* SBPerson.h */ = {isa = PBXFileReference; fileEncoding = 4; lastKnownFileType = sourcecode.c.h; path = SBPerson.h; sourceTree = "<group>"; };
		2C89BA9B1BB51C1100685F4B /* SBPerson.m */ = {isa = PBXFileReference; fileEncoding = 4; lastKnownFileType = sourcecode.c.objc; path = SBPerson.m; sourceTree = "<group>"; };
		2C89BAA01BB5241E00685F4B /* SBMainViewCell.h */ = {isa = PBXFileReference; fileEncoding = 4; lastKnownFileType = sourcecode.c.h; path = SBMainViewCell.h; sourceTree = "<group>"; };
		2C89BAA11BB5241E00685F4B /* SBMainViewCell.m */ = {isa = PBXFileReference; fileEncoding = 4; lastKnownFileType = sourcecode.c.objc; path = SBMainViewCell.m; sourceTree = "<group>"; };
		2C89BAA21BB5241E00685F4B /* SBMainViewCell.xib */ = {isa = PBXFileReference; fileEncoding = 4; lastKnownFileType = file.xib; path = SBMainViewCell.xib; sourceTree = "<group>"; };
		2C89BAA51BB5243F00685F4B /* SBBasicTableViewCell.h */ = {isa = PBXFileReference; fileEncoding = 4; lastKnownFileType = sourcecode.c.h; path = SBBasicTableViewCell.h; sourceTree = "<group>"; };
		2C89BAA61BB5243F00685F4B /* SBBasicTableViewCell.m */ = {isa = PBXFileReference; fileEncoding = 4; lastKnownFileType = sourcecode.c.objc; path = SBBasicTableViewCell.m; sourceTree = "<group>"; };
		2C89BAA81BB524C300685F4B /* SBCommonDefine.h */ = {isa = PBXFileReference; fileEncoding = 4; lastKnownFileType = sourcecode.c.h; path = SBCommonDefine.h; sourceTree = "<group>"; };
		2C89BAA91BB524C300685F4B /* SBCommonDefine.m */ = {isa = PBXFileReference; fileEncoding = 4; lastKnownFileType = sourcecode.c.objc; path = SBCommonDefine.m; sourceTree = "<group>"; };
		2C89BAAB1BB52CD100685F4B /* SBMainViewHeader.h */ = {isa = PBXFileReference; fileEncoding = 4; lastKnownFileType = sourcecode.c.h; path = SBMainViewHeader.h; sourceTree = "<group>"; };
		2C89BAAC1BB52CD100685F4B /* SBMainViewHeader.m */ = {isa = PBXFileReference; fileEncoding = 4; lastKnownFileType = sourcecode.c.objc; path = SBMainViewHeader.m; sourceTree = "<group>"; };
		2C8BAB491BC7A416000FD2DF /* LaunchScreen.storyboard */ = {isa = PBXFileReference; fileEncoding = 4; lastKnownFileType = file.storyboard; path = LaunchScreen.storyboard; sourceTree = "<group>"; };
		2CB381961BCF347100D4F33F /* JSONKit.h */ = {isa = PBXFileReference; fileEncoding = 4; lastKnownFileType = sourcecode.c.h; path = JSONKit.h; sourceTree = "<group>"; };
		2CB381971BCF347100D4F33F /* JSONKit.m */ = {isa = PBXFileReference; fileEncoding = 4; lastKnownFileType = sourcecode.c.objc; path = JSONKit.m; sourceTree = "<group>"; };
		2CB381991BCF363600D4F33F /* SBLocalSaveHelper.h */ = {isa = PBXFileReference; fileEncoding = 4; lastKnownFileType = sourcecode.c.h; path = SBLocalSaveHelper.h; sourceTree = "<group>"; };
		2CB3819A1BCF363600D4F33F /* SBLocalSaveHelper.m */ = {isa = PBXFileReference; fileEncoding = 4; lastKnownFileType = sourcecode.c.objc; path = SBLocalSaveHelper.m; sourceTree = "<group>"; };
		2CE092DD1BC60ADF00027EED /* SBBasicCollectionViewCell.h */ = {isa = PBXFileReference; fileEncoding = 4; lastKnownFileType = sourcecode.c.h; path = SBBasicCollectionViewCell.h; sourceTree = "<group>"; };
		2CE092DE1BC60ADF00027EED /* SBBasicCollectionViewCell.m */ = {isa = PBXFileReference; fileEncoding = 4; lastKnownFileType = sourcecode.c.objc; path = SBBasicCollectionViewCell.m; sourceTree = "<group>"; };
		2CE092EB1BC6344D00027EED /* SBAddScoreTempModule.m */ = {isa = PBXFileReference; fileEncoding = 4; lastKnownFileType = sourcecode.c.objc; path = SBAddScoreTempModule.m; sourceTree = "<group>"; };
		2CE092FC1BC64E0C00027EED /* SBAddScoreTempModule.h */ = {isa = PBXFileReference; fileEncoding = 4; lastKnownFileType = sourcecode.c.h; path = SBAddScoreTempModule.h; sourceTree = "<group>"; };
		2CE1F35A1BCE4C5400B82CAE /* SB3dTouchVCTL.h */ = {isa = PBXFileReference; fileEncoding = 4; lastKnownFileType = sourcecode.c.h; path = SB3dTouchVCTL.h; sourceTree = "<group>"; };
		2CE1F35B1BCE4C5400B82CAE /* SB3dTouchVCTL.m */ = {isa = PBXFileReference; fileEncoding = 4; lastKnownFileType = sourcecode.c.objc; path = SB3dTouchVCTL.m; sourceTree = "<group>"; };
		2CE1F35C1BCE4C5400B82CAE /* SB3dTouchVCTL.xib */ = {isa = PBXFileReference; fileEncoding = 4; lastKnownFileType = file.xib; path = SB3dTouchVCTL.xib; sourceTree = "<group>"; };
		2CE329C31BBA3729008259DD /* UITextField+Shake.h */ = {isa = PBXFileReference; fileEncoding = 4; lastKnownFileType = sourcecode.c.h; path = "UITextField+Shake.h"; sourceTree = "<group>"; };
		2CE329C41BBA3729008259DD /* UITextField+Shake.m */ = {isa = PBXFileReference; fileEncoding = 4; lastKnownFileType = sourcecode.c.objc; path = "UITextField+Shake.m"; sourceTree = "<group>"; };
		2CE5190C1BC76348004DC6BD /* IQNSArray+Sort.h */ = {isa = PBXFileReference; fileEncoding = 4; lastKnownFileType = sourcecode.c.h; path = "IQNSArray+Sort.h"; sourceTree = "<group>"; };
		2CE5190D1BC76348004DC6BD /* IQNSArray+Sort.m */ = {isa = PBXFileReference; fileEncoding = 4; lastKnownFileType = sourcecode.c.objc; path = "IQNSArray+Sort.m"; sourceTree = "<group>"; };
		2CE5190E1BC76348004DC6BD /* IQUITextFieldView+Additions.h */ = {isa = PBXFileReference; fileEncoding = 4; lastKnownFileType = sourcecode.c.h; path = "IQUITextFieldView+Additions.h"; sourceTree = "<group>"; };
		2CE5190F1BC76348004DC6BD /* IQUITextFieldView+Additions.m */ = {isa = PBXFileReference; fileEncoding = 4; lastKnownFileType = sourcecode.c.objc; path = "IQUITextFieldView+Additions.m"; sourceTree = "<group>"; };
		2CE519101BC76348004DC6BD /* IQUIView+Hierarchy.h */ = {isa = PBXFileReference; fileEncoding = 4; lastKnownFileType = sourcecode.c.h; path = "IQUIView+Hierarchy.h"; sourceTree = "<group>"; };
		2CE519111BC76348004DC6BD /* IQUIView+Hierarchy.m */ = {isa = PBXFileReference; fileEncoding = 4; lastKnownFileType = sourcecode.c.objc; path = "IQUIView+Hierarchy.m"; sourceTree = "<group>"; };
		2CE519121BC76348004DC6BD /* IQUIViewController+Additions.h */ = {isa = PBXFileReference; fileEncoding = 4; lastKnownFileType = sourcecode.c.h; path = "IQUIViewController+Additions.h"; sourceTree = "<group>"; };
		2CE519131BC76348004DC6BD /* IQUIViewController+Additions.m */ = {isa = PBXFileReference; fileEncoding = 4; lastKnownFileType = sourcecode.c.objc; path = "IQUIViewController+Additions.m"; sourceTree = "<group>"; };
		2CE519141BC76348004DC6BD /* IQUIWindow+Hierarchy.h */ = {isa = PBXFileReference; fileEncoding = 4; lastKnownFileType = sourcecode.c.h; path = "IQUIWindow+Hierarchy.h"; sourceTree = "<group>"; };
		2CE519151BC76348004DC6BD /* IQUIWindow+Hierarchy.m */ = {isa = PBXFileReference; fileEncoding = 4; lastKnownFileType = sourcecode.c.objc; path = "IQUIWindow+Hierarchy.m"; sourceTree = "<group>"; };
		2CE519171BC76348004DC6BD /* IQKeyboardManagerConstants.h */ = {isa = PBXFileReference; fileEncoding = 4; lastKnownFileType = sourcecode.c.h; path = IQKeyboardManagerConstants.h; sourceTree = "<group>"; };
		2CE519181BC76348004DC6BD /* IQKeyboardManagerConstantsInternal.h */ = {isa = PBXFileReference; fileEncoding = 4; lastKnownFileType = sourcecode.c.h; path = IQKeyboardManagerConstantsInternal.h; sourceTree = "<group>"; };
		2CE519191BC76348004DC6BD /* IQKeyboardManager.h */ = {isa = PBXFileReference; fileEncoding = 4; lastKnownFileType = sourcecode.c.h; path = IQKeyboardManager.h; sourceTree = "<group>"; };
		2CE5191A1BC76348004DC6BD /* IQKeyboardManager.m */ = {isa = PBXFileReference; fileEncoding = 4; lastKnownFileType = sourcecode.c.objc; path = IQKeyboardManager.m; sourceTree = "<group>"; };
		2CE5191B1BC76348004DC6BD /* IQKeyboardReturnKeyHandler.h */ = {isa = PBXFileReference; fileEncoding = 4; lastKnownFileType = sourcecode.c.h; path = IQKeyboardReturnKeyHandler.h; sourceTree = "<group>"; };
		2CE5191C1BC76348004DC6BD /* IQKeyboardReturnKeyHandler.m */ = {isa = PBXFileReference; fileEncoding = 4; lastKnownFileType = sourcecode.c.objc; path = IQKeyboardReturnKeyHandler.m; sourceTree = "<group>"; };
		2CE5191E1BC76348004DC6BD /* IQSegmentedNextPrevious.h */ = {isa = PBXFileReference; fileEncoding = 4; lastKnownFileType = sourcecode.c.h; path = IQSegmentedNextPrevious.h; sourceTree = "<group>"; };
		2CE5191F1BC76348004DC6BD /* IQSegmentedNextPrevious.m */ = {isa = PBXFileReference; fileEncoding = 4; lastKnownFileType = sourcecode.c.objc; path = IQSegmentedNextPrevious.m; sourceTree = "<group>"; };
		2CE519211BC76348004DC6BD /* IQTextView.h */ = {isa = PBXFileReference; fileEncoding = 4; lastKnownFileType = sourcecode.c.h; path = IQTextView.h; sourceTree = "<group>"; };
		2CE519221BC76348004DC6BD /* IQTextView.m */ = {isa = PBXFileReference; fileEncoding = 4; lastKnownFileType = sourcecode.c.objc; path = IQTextView.m; sourceTree = "<group>"; };
		2CE519241BC76348004DC6BD /* IQBarButtonItem.h */ = {isa = PBXFileReference; fileEncoding = 4; lastKnownFileType = sourcecode.c.h; path = IQBarButtonItem.h; sourceTree = "<group>"; };
		2CE519251BC76348004DC6BD /* IQBarButtonItem.m */ = {isa = PBXFileReference; fileEncoding = 4; lastKnownFileType = sourcecode.c.objc; path = IQBarButtonItem.m; sourceTree = "<group>"; };
		2CE519261BC76348004DC6BD /* IQTitleBarButtonItem.h */ = {isa = PBXFileReference; fileEncoding = 4; lastKnownFileType = sourcecode.c.h; path = IQTitleBarButtonItem.h; sourceTree = "<group>"; };
		2CE519271BC76348004DC6BD /* IQTitleBarButtonItem.m */ = {isa = PBXFileReference; fileEncoding = 4; lastKnownFileType = sourcecode.c.objc; path = IQTitleBarButtonItem.m; sourceTree = "<group>"; };
		2CE519281BC76348004DC6BD /* IQToolbar.h */ = {isa = PBXFileReference; fileEncoding = 4; lastKnownFileType = sourcecode.c.h; path = IQToolbar.h; sourceTree = "<group>"; };
		2CE519291BC76348004DC6BD /* IQToolbar.m */ = {isa = PBXFileReference; fileEncoding = 4; lastKnownFileType = sourcecode.c.objc; path = IQToolbar.m; sourceTree = "<group>"; };
		2CE5192A1BC76348004DC6BD /* IQUIView+IQKeyboardToolbar.h */ = {isa = PBXFileReference; fileEncoding = 4; lastKnownFileType = sourcecode.c.h; path = "IQUIView+IQKeyboardToolbar.h"; sourceTree = "<group>"; };
		2CE5192B1BC76348004DC6BD /* IQUIView+IQKeyboardToolbar.m */ = {isa = PBXFileReference; fileEncoding = 4; lastKnownFileType = sourcecode.c.objc; path = "IQUIView+IQKeyboardToolbar.m"; sourceTree = "<group>"; };
		2CE5192C1BC76348004DC6BD /* KeyboardManager.h */ = {isa = PBXFileReference; fileEncoding = 4; lastKnownFileType = sourcecode.c.h; path = KeyboardManager.h; sourceTree = "<group>"; };
		2CE5192E1BC76348004DC6BD /* IQKeyboardManager.bundle */ = {isa = PBXFileReference; lastKnownFileType = "wrapper.plug-in"; path = IQKeyboardManager.bundle; sourceTree = "<group>"; };
/* End PBXFileReference section */

/* Begin PBXFrameworksBuildPhase section */
		2C65D6D51BB38F5C00D22F29 /* Frameworks */ = {
			isa = PBXFrameworksBuildPhase;
			buildActionMask = 2147483647;
			files = (
			);
			runOnlyForDeploymentPostprocessing = 0;
		};
/* End PBXFrameworksBuildPhase section */

/* Begin PBXGroup section */
		2C08A8441BB9366F0077FE53 /* LewPopupViewController */ = {
			isa = PBXGroup;
			children = (
				2C08A8451BB9366F0077FE53 /* LewPopupBackgroundView.h */,
				2C08A8461BB9366F0077FE53 /* LewPopupBackgroundView.m */,
				2C08A8471BB9366F0077FE53 /* LewPopupViewAnimationDrop.h */,
				2C08A8481BB9366F0077FE53 /* LewPopupViewAnimationDrop.m */,
				2C08A8491BB9366F0077FE53 /* LewPopupViewAnimationFade.h */,
				2C08A84A1BB9366F0077FE53 /* LewPopupViewAnimationFade.m */,
				2C08A84B1BB9366F0077FE53 /* LewPopupViewAnimationSlide.h */,
				2C08A84C1BB9366F0077FE53 /* LewPopupViewAnimationSlide.m */,
				2C08A84D1BB9366F0077FE53 /* LewPopupViewAnimationSpring.h */,
				2C08A84E1BB9366F0077FE53 /* LewPopupViewAnimationSpring.m */,
				2C08A84F1BB9366F0077FE53 /* LewPopupViewController.h */,
				2C08A8501BB9366F0077FE53 /* UIViewController+LewPopupViewController.h */,
				2C08A8511BB9366F0077FE53 /* UIViewController+LewPopupViewController.m */,
			);
			path = LewPopupViewController;
			sourceTree = "<group>";
		};
		2C0A524C1BD085FC007F1E32 /* autoSave */ = {
			isa = PBXGroup;
			children = (
				2C0A524D1BD08613007F1E32 /* SBAutoSaveVCTL.h */,
				2C0A524E1BD08613007F1E32 /* SBAutoSaveVCTL.m */,
				2C0A524F1BD08613007F1E32 /* SBAutoSaveVCTL.xib */,
				2C1C92C51BD08E71009573E6 /* SBAutoSaveCell.h */,
				2C1C92C61BD08E71009573E6 /* SBAutoSaveCell.m */,
				2C1C92C71BD08E71009573E6 /* SBAutoSaveCell.xib */,
			);
			path = autoSave;
			sourceTree = "<group>";
		};
		2C2A164D1BCF53CC00D065CD /* MBProgressHud */ = {
			isa = PBXGroup;
			children = (
				2C2A164E1BCF53CC00D065CD /* MBProgressHUD.h */,
				2C2A164F1BCF53CC00D065CD /* MBProgressHUD.m */,
			);
			path = MBProgressHud;
			sourceTree = "<group>";
		};
		2C2A165B1BCF6C2100D065CD /* historyView */ = {
			isa = PBXGroup;
			children = (
				2C0A524C1BD085FC007F1E32 /* autoSave */,
				2C2A165C1BCF6C3300D065CD /* SBHistoryVCTL.h */,
				2C2A165D1BCF6C3300D065CD /* SBHistoryVCTL.m */,
				2C2A165E1BCF6C3300D065CD /* SBHistoryVCTL.xib */,
				2C2A16661BCF6FF700D065CD /* SBHistoryViewCell.h */,
				2C2A16671BCF6FF700D065CD /* SBHistoryViewCell.m */,
				2C2A16681BCF6FF700D065CD /* SBHistoryViewCell.xib */,
				2C0A52521BD08648007F1E32 /* SBHistoryViewAutoSaveCell.h */,
				2C0A52531BD08648007F1E32 /* SBHistoryViewAutoSaveCell.m */,
				2C0A52541BD08648007F1E32 /* SBHistoryViewAutoSaveCell.xib */,
			);
			path = historyView;
			sourceTree = "<group>";
		};
		2C3A83C61BB8E4E700A335B5 /* addPlayer */ = {
			isa = PBXGroup;
			children = (
				2C3A83C71BB8E4F800A335B5 /* SBAddPlayerVCTL.h */,
				2C3A83C81BB8E4F800A335B5 /* SBAddPlayerVCTL.m */,
				2C3A83C91BB8E4F800A335B5 /* SBAddPlayerVCTL.xib */,
				2C3A83F61BB905EC00A335B5 /* SBAddPlayerCell.h */,
				2C3A83F71BB905EC00A335B5 /* SBAddPlayerCell.m */,
				2C3A83F81BB905EC00A335B5 /* SBAddPlayerCell.xib */,
				2C08A83F1BB934940077FE53 /* SBAddPlayerView.h */,
				2C08A8401BB934940077FE53 /* SBAddPlayerView.m */,
				2C08A8421BB934A10077FE53 /* SBAddPlayerView.xib */,
			);
			path = addPlayer;
			sourceTree = "<group>";
		};
		2C3A83EB1BB9053200A335B5 /* vendor */ = {
			isa = PBXGroup;
			children = (
				2C2A164D1BCF53CC00D065CD /* MBProgressHud */,
				2CB381951BCF347100D4F33F /* jsonKit */,
				2CE5190A1BC76348004DC6BD /* IQKeyBoardManager */,
				2CE329C21BBA3729008259DD /* textField_shake */,
				2C08A8441BB9366F0077FE53 /* LewPopupViewController */,
				2C3A83EC1BB9053200A335B5 /* MGSwipeTableCell */,
			);
			path = vendor;
			sourceTree = "<group>";
		};
		2C3A83EC1BB9053200A335B5 /* MGSwipeTableCell */ = {
			isa = PBXGroup;
			children = (
				2C3A83ED1BB9053200A335B5 /* MGSwipeButton.h */,
				2C3A83EE1BB9053200A335B5 /* MGSwipeButton.m */,
				2C3A83EF1BB9053200A335B5 /* MGSwipeTableCell.h */,
				2C3A83F01BB9053200A335B5 /* MGSwipeTableCell.m */,
			);
			path = MGSwipeTableCell;
			sourceTree = "<group>";
		};
		2C65D6CF1BB38F5C00D22F29 = {
			isa = PBXGroup;
			children = (
				2C65D6DA1BB38F5C00D22F29 /* scoreBoard */,
				2C65D6D91BB38F5C00D22F29 /* Products */,
			);
			sourceTree = "<group>";
		};
		2C65D6D91BB38F5C00D22F29 /* Products */ = {
			isa = PBXGroup;
			children = (
				2C65D6D81BB38F5C00D22F29 /* scoreBoard.app */,
			);
			name = Products;
			sourceTree = "<group>";
		};
		2C65D6DA1BB38F5C00D22F29 /* scoreBoard */ = {
			isa = PBXGroup;
			children = (
				2C65D7131BB39D9B00D22F29 /* sylar */,
				2C65D6DE1BB38F5C00D22F29 /* AppDelegate.h */,
				2C65D6DF1BB38F5C00D22F29 /* AppDelegate.m */,
				2C65D6E71BB38F5C00D22F29 /* Assets.xcassets */,
				2C65D6EC1BB38F5C00D22F29 /* Info.plist */,
				2C65D6DB1BB38F5C00D22F29 /* Supporting Files */,
			);
			path = scoreBoard;
			sourceTree = "<group>";
		};
		2C65D6DB1BB38F5C00D22F29 /* Supporting Files */ = {
			isa = PBXGroup;
			children = (
				2C65D6DC1BB38F5C00D22F29 /* main.m */,
			);
			name = "Supporting Files";
			sourceTree = "<group>";
		};
		2C65D7131BB39D9B00D22F29 /* sylar */ = {
			isa = PBXGroup;
			children = (
				2C65D7151BB39D9B00D22F29 /* section */,
				2C89BA871BB51A7700685F4B /* helper */,
				2C89BA881BB51A7700685F4B /* model */,
				2C3A83EB1BB9053200A335B5 /* vendor */,
				2C65D7141BB39D9B00D22F29 /* resource */,
			);
			path = sylar;
			sourceTree = "<group>";
		};
		2C65D7141BB39D9B00D22F29 /* resource */ = {
			isa = PBXGroup;
			children = (
				2C65D7201BB39E4100D22F29 /* icon */,
			);
			path = resource;
			sourceTree = "<group>";
		};
		2C65D7151BB39D9B00D22F29 /* section */ = {
			isa = PBXGroup;
			children = (
				2C2A165B1BCF6C2100D065CD /* historyView */,
				2C89BA8E1BB51AB200685F4B /* mainView */,
				2C65D7161BB39D9B00D22F29 /* basic */,
				2C65D7171BB39D9B00D22F29 /* home */,
			);
			path = section;
			sourceTree = "<group>";
		};
		2C65D7161BB39D9B00D22F29 /* basic */ = {
			isa = PBXGroup;
			children = (
				2C65D7181BB39DBF00D22F29 /* SBBasicVCTL.h */,
				2C65D7191BB39DBF00D22F29 /* SBBasicVCTL.m */,
				2C89BAA51BB5243F00685F4B /* SBBasicTableViewCell.h */,
				2C89BAA61BB5243F00685F4B /* SBBasicTableViewCell.m */,
				2CE092DD1BC60ADF00027EED /* SBBasicCollectionViewCell.h */,
				2CE092DE1BC60ADF00027EED /* SBBasicCollectionViewCell.m */,
			);
			path = basic;
			sourceTree = "<group>";
		};
		2C65D7171BB39D9B00D22F29 /* home */ = {
			isa = PBXGroup;
			children = (
				2C8BAB491BC7A416000FD2DF /* LaunchScreen.storyboard */,
				2C65D71B1BB39DCE00D22F29 /* SBHomeVCTL.h */,
				2C65D71C1BB39DCE00D22F29 /* SBHomeVCTL.m */,
				2C65D71D1BB39DCE00D22F29 /* SBHomeVCTL.xib */,
			);
			path = home;
			sourceTree = "<group>";
		};
		2C65D7201BB39E4100D22F29 /* icon */ = {
			isa = PBXGroup;
			children = (
				2C65D7211BB39E4100D22F29 /* 11519e91feb69ea389a9fc8ec5e2a61d_256_256.png */,
				2C65D7221BB39E4100D22F29 /* icon_120.png */,
				2C65D7231BB39E4100D22F29 /* icon_152.png */,
				2C65D7241BB39E4100D22F29 /* icon_29.png */,
				2C65D7251BB39E4100D22F29 /* icon_40.png */,
				2C65D7261BB39E4100D22F29 /* icon_58.png */,
				2C65D7271BB39E4100D22F29 /* icon_76.png */,
				2C65D7281BB39E4100D22F29 /* icon_80.png */,
			);
			path = icon;
			sourceTree = "<group>";
		};
		2C89BA871BB51A7700685F4B /* helper */ = {
			isa = PBXGroup;
			children = (
				2C89BA971BB51ADF00685F4B /* SBHelper.h */,
				2C89BA981BB51ADF00685F4B /* SBHelper.m */,
				2C89BAA81BB524C300685F4B /* SBCommonDefine.h */,
				2C89BAA91BB524C300685F4B /* SBCommonDefine.m */,
				2CB381991BCF363600D4F33F /* SBLocalSaveHelper.h */,
				2CB3819A1BCF363600D4F33F /* SBLocalSaveHelper.m */,
				2C2A16741BCF8F5300D065CD /* SBLocalSaveModel.h */,
				2C2A16751BCF8F5300D065CD /* SBLocalSaveModel.m */,
			);
			path = helper;
			sourceTree = "<group>";
		};
		2C89BA881BB51A7700685F4B /* model */ = {
			isa = PBXGroup;
			children = (
				2C89BA941BB51ACF00685F4B /* SBData.h */,
				2C89BA951BB51ACF00685F4B /* SBData.m */,
				2C89BA9A1BB51C1100685F4B /* SBPerson.h */,
				2C89BA9B1BB51C1100685F4B /* SBPerson.m */,
			);
			path = model;
			sourceTree = "<group>";
		};
		2C89BA8E1BB51AB200685F4B /* mainView */ = {
			isa = PBXGroup;
			children = (
				2CE1F3591BCE49C100B82CAE /* 3dtouch */,
				2C3A83C61BB8E4E700A335B5 /* addPlayer */,
				2CADEA271BB52F2A009BBD28 /* addScore */,
				2C89BA8F1BB51AB200685F4B /* SBMainVCTL.h */,
				2C89BA901BB51AB200685F4B /* SBMainVCTL.m */,
				2C89BA911BB51AB200685F4B /* SBMainVCTL.xib */,
				2C89BAA01BB5241E00685F4B /* SBMainViewCell.h */,
				2C89BAA11BB5241E00685F4B /* SBMainViewCell.m */,
				2C89BAA21BB5241E00685F4B /* SBMainViewCell.xib */,
				2C89BAAB1BB52CD100685F4B /* SBMainViewHeader.h */,
				2C89BAAC1BB52CD100685F4B /* SBMainViewHeader.m */,
				2C1C92CA1BD09362009573E6 /* SBMainViewSaveDataView.h */,
				2C1C92CB1BD09362009573E6 /* SBMainViewSaveDataView.m */,
				2C1C92CD1BD09373009573E6 /* SBMainViewSaveDataView.xib */,
			);
			path = mainView;
			sourceTree = "<group>";
		};
		2CADEA271BB52F2A009BBD28 /* addScore */ = {
			isa = PBXGroup;
			children = (
				2C3A83CD1BB8E6BC00A335B5 /* SBAddScoreVCTL.h */,
				2C3A83CE1BB8E6BC00A335B5 /* SBAddScoreVCTL.m */,
				2C3A83CF1BB8E6BC00A335B5 /* SBAddScoreVCTL.xib */,
				2C2B50951BBBB4BE0068C1D5 /* SBAddScoreCell.h */,
				2C2B50961BBBB4BE0068C1D5 /* SBAddScoreCell.m */,
				2C2B50971BBBB4BE0068C1D5 /* SBAddScoreCell.xib */,
				2CE092FC1BC64E0C00027EED /* SBAddScoreTempModule.h */,
				2CE092EB1BC6344D00027EED /* SBAddScoreTempModule.m */,
				2C1C92D51BD0D0BA009573E6 /* SBAddScoreHelper.h */,
				2C1C92D61BD0D0BA009573E6 /* SBAddScoreHelper.m */,
			);
			path = addScore;
			sourceTree = "<group>";
		};
		2CB381951BCF347100D4F33F /* jsonKit */ = {
			isa = PBXGroup;
			children = (
				2CB381961BCF347100D4F33F /* JSONKit.h */,
				2CB381971BCF347100D4F33F /* JSONKit.m */,
			);
			path = jsonKit;
			sourceTree = "<group>";
		};
		2CE1F3591BCE49C100B82CAE /* 3dtouch */ = {
			isa = PBXGroup;
			children = (
				2CE1F35A1BCE4C5400B82CAE /* SB3dTouchVCTL.h */,
				2CE1F35B1BCE4C5400B82CAE /* SB3dTouchVCTL.m */,
				2CE1F35C1BCE4C5400B82CAE /* SB3dTouchVCTL.xib */,
			);
			path = 3dtouch;
			sourceTree = "<group>";
		};
		2CE329C21BBA3729008259DD /* textField_shake */ = {
			isa = PBXGroup;
			children = (
				2CE329C31BBA3729008259DD /* UITextField+Shake.h */,
				2CE329C41BBA3729008259DD /* UITextField+Shake.m */,
			);
			path = textField_shake;
			sourceTree = "<group>";
		};
		2CE5190A1BC76348004DC6BD /* IQKeyBoardManager */ = {
			isa = PBXGroup;
			children = (
				2CE5190B1BC76348004DC6BD /* Categories */,
				2CE519161BC76348004DC6BD /* Constants */,
				2CE519191BC76348004DC6BD /* IQKeyboardManager.h */,
				2CE5191A1BC76348004DC6BD /* IQKeyboardManager.m */,
				2CE5191B1BC76348004DC6BD /* IQKeyboardReturnKeyHandler.h */,
				2CE5191C1BC76348004DC6BD /* IQKeyboardReturnKeyHandler.m */,
				2CE5191D1BC76348004DC6BD /* IQSegmentedNextPrevious */,
				2CE519201BC76348004DC6BD /* IQTextView */,
				2CE519231BC76348004DC6BD /* IQToolbar */,
				2CE5192C1BC76348004DC6BD /* KeyboardManager.h */,
				2CE5192D1BC76348004DC6BD /* Resources */,
			);
			path = IQKeyBoardManager;
			sourceTree = "<group>";
		};
		2CE5190B1BC76348004DC6BD /* Categories */ = {
			isa = PBXGroup;
			children = (
				2CE5190C1BC76348004DC6BD /* IQNSArray+Sort.h */,
				2CE5190D1BC76348004DC6BD /* IQNSArray+Sort.m */,
				2CE5190E1BC76348004DC6BD /* IQUITextFieldView+Additions.h */,
				2CE5190F1BC76348004DC6BD /* IQUITextFieldView+Additions.m */,
				2CE519101BC76348004DC6BD /* IQUIView+Hierarchy.h */,
				2CE519111BC76348004DC6BD /* IQUIView+Hierarchy.m */,
				2CE519121BC76348004DC6BD /* IQUIViewController+Additions.h */,
				2CE519131BC76348004DC6BD /* IQUIViewController+Additions.m */,
				2CE519141BC76348004DC6BD /* IQUIWindow+Hierarchy.h */,
				2CE519151BC76348004DC6BD /* IQUIWindow+Hierarchy.m */,
			);
			path = Categories;
			sourceTree = "<group>";
		};
		2CE519161BC76348004DC6BD /* Constants */ = {
			isa = PBXGroup;
			children = (
				2CE519171BC76348004DC6BD /* IQKeyboardManagerConstants.h */,
				2CE519181BC76348004DC6BD /* IQKeyboardManagerConstantsInternal.h */,
			);
			path = Constants;
			sourceTree = "<group>";
		};
		2CE5191D1BC76348004DC6BD /* IQSegmentedNextPrevious */ = {
			isa = PBXGroup;
			children = (
				2CE5191E1BC76348004DC6BD /* IQSegmentedNextPrevious.h */,
				2CE5191F1BC76348004DC6BD /* IQSegmentedNextPrevious.m */,
			);
			path = IQSegmentedNextPrevious;
			sourceTree = "<group>";
		};
		2CE519201BC76348004DC6BD /* IQTextView */ = {
			isa = PBXGroup;
			children = (
				2CE519211BC76348004DC6BD /* IQTextView.h */,
				2CE519221BC76348004DC6BD /* IQTextView.m */,
			);
			path = IQTextView;
			sourceTree = "<group>";
		};
		2CE519231BC76348004DC6BD /* IQToolbar */ = {
			isa = PBXGroup;
			children = (
				2CE519241BC76348004DC6BD /* IQBarButtonItem.h */,
				2CE519251BC76348004DC6BD /* IQBarButtonItem.m */,
				2CE519261BC76348004DC6BD /* IQTitleBarButtonItem.h */,
				2CE519271BC76348004DC6BD /* IQTitleBarButtonItem.m */,
				2CE519281BC76348004DC6BD /* IQToolbar.h */,
				2CE519291BC76348004DC6BD /* IQToolbar.m */,
				2CE5192A1BC76348004DC6BD /* IQUIView+IQKeyboardToolbar.h */,
				2CE5192B1BC76348004DC6BD /* IQUIView+IQKeyboardToolbar.m */,
			);
			path = IQToolbar;
			sourceTree = "<group>";
		};
		2CE5192D1BC76348004DC6BD /* Resources */ = {
			isa = PBXGroup;
			children = (
				2CE5192E1BC76348004DC6BD /* IQKeyboardManager.bundle */,
			);
			path = Resources;
			sourceTree = "<group>";
		};
/* End PBXGroup section */

/* Begin PBXNativeTarget section */
		2C65D6D71BB38F5C00D22F29 /* scoreBoard */ = {
			isa = PBXNativeTarget;
			buildConfigurationList = 2C65D6EF1BB38F5C00D22F29 /* Build configuration list for PBXNativeTarget "scoreBoard" */;
			buildPhases = (
				2C65D6D41BB38F5C00D22F29 /* Sources */,
				2C65D6D51BB38F5C00D22F29 /* Frameworks */,
				2C65D6D61BB38F5C00D22F29 /* Resources */,
			);
			buildRules = (
			);
			dependencies = (
			);
			name = scoreBoard;
			productName = scoreBoard;
			productReference = 2C65D6D81BB38F5C00D22F29 /* scoreBoard.app */;
			productType = "com.apple.product-type.application";
		};
/* End PBXNativeTarget section */

/* Begin PBXProject section */
		2C65D6D01BB38F5C00D22F29 /* Project object */ = {
			isa = PBXProject;
			attributes = {
				CLASSPREFIX = SB;
				LastUpgradeCheck = 0700;
				ORGANIZATIONNAME = sylar;
				TargetAttributes = {
					2C65D6D71BB38F5C00D22F29 = {
						CreatedOnToolsVersion = 7.0;
						DevelopmentTeam = KDQ72H3LGF;
					};
				};
			};
			buildConfigurationList = 2C65D6D31BB38F5C00D22F29 /* Build configuration list for PBXProject "scoreBoard" */;
			compatibilityVersion = "Xcode 3.2";
			developmentRegion = English;
			hasScannedForEncodings = 0;
			knownRegions = (
				en,
				Base,
			);
			mainGroup = 2C65D6CF1BB38F5C00D22F29;
			productRefGroup = 2C65D6D91BB38F5C00D22F29 /* Products */;
			projectDirPath = "";
			projectRoot = "";
			targets = (
				2C65D6D71BB38F5C00D22F29 /* scoreBoard */,
			);
		};
/* End PBXProject section */

/* Begin PBXResourcesBuildPhase section */
		2C65D6D61BB38F5C00D22F29 /* Resources */ = {
			isa = PBXResourcesBuildPhase;
			buildActionMask = 2147483647;
			files = (
				2C2A16601BCF6C3300D065CD /* SBHistoryVCTL.xib in Resources */,
				2C89BAA41BB5241E00685F4B /* SBMainViewCell.xib in Resources */,
				2C65D72C1BB39E4100D22F29 /* icon_29.png in Resources */,
				2C65D6E81BB38F5C00D22F29 /* Assets.xcassets in Resources */,
				2C65D72B1BB39E4100D22F29 /* icon_152.png in Resources */,
				2C3A83CB1BB8E4F800A335B5 /* SBAddPlayerVCTL.xib in Resources */,
				2C65D72D1BB39E4100D22F29 /* icon_40.png in Resources */,
				2CE1F35E1BCE4C5400B82CAE /* SB3dTouchVCTL.xib in Resources */,
				2C0A52511BD08613007F1E32 /* SBAutoSaveVCTL.xib in Resources */,
				2C8BAB4A1BC7A416000FD2DF /* LaunchScreen.storyboard in Resources */,
				2C3A83D11BB8E6BC00A335B5 /* SBAddScoreVCTL.xib in Resources */,
				2C1C92C91BD08E71009573E6 /* SBAutoSaveCell.xib in Resources */,
				2C0A52561BD08648007F1E32 /* SBHistoryViewAutoSaveCell.xib in Resources */,
				2C65D71F1BB39DCE00D22F29 /* SBHomeVCTL.xib in Resources */,
				2CE5193C1BC76348004DC6BD /* IQKeyboardManager.bundle in Resources */,
				2C65D7291BB39E4100D22F29 /* 11519e91feb69ea389a9fc8ec5e2a61d_256_256.png in Resources */,
				2C1C92CE1BD09373009573E6 /* SBMainViewSaveDataView.xib in Resources */,
				2C3A83FA1BB905EC00A335B5 /* SBAddPlayerCell.xib in Resources */,
				2C08A8431BB934A10077FE53 /* SBAddPlayerView.xib in Resources */,
				2C2A166A1BCF6FF800D065CD /* SBHistoryViewCell.xib in Resources */,
				2C65D72F1BB39E4100D22F29 /* icon_76.png in Resources */,
				2C65D72E1BB39E4100D22F29 /* icon_58.png in Resources */,
				2C2B50991BBBB4BE0068C1D5 /* SBAddScoreCell.xib in Resources */,
				2C65D72A1BB39E4100D22F29 /* icon_120.png in Resources */,
				2C89BA931BB51AB200685F4B /* SBMainVCTL.xib in Resources */,
				2C65D7301BB39E4100D22F29 /* icon_80.png in Resources */,
			);
			runOnlyForDeploymentPostprocessing = 0;
		};
/* End PBXResourcesBuildPhase section */

/* Begin PBXSourcesBuildPhase section */
		2C65D6D41BB38F5C00D22F29 /* Sources */ = {
			isa = PBXSourcesBuildPhase;
			buildActionMask = 2147483647;
			files = (
				2C89BAAA1BB524C300685F4B /* SBCommonDefine.m in Sources */,
				2CB3819B1BCF363600D4F33F /* SBLocalSaveHelper.m in Sources */,
				2CE092DF1BC60ADF00027EED /* SBBasicCollectionViewCell.m in Sources */,
				2C0A52551BD08648007F1E32 /* SBHistoryViewAutoSaveCell.m in Sources */,
				2C08A8541BB9366F0077FE53 /* LewPopupViewAnimationFade.m in Sources */,
				2C89BA961BB51ACF00685F4B /* SBData.m in Sources */,
				2CE1F35D1BCE4C5400B82CAE /* SB3dTouchVCTL.m in Sources */,
				2C3A83F11BB9053200A335B5 /* MGSwipeButton.m in Sources */,
				2CE519391BC76348004DC6BD /* IQTitleBarButtonItem.m in Sources */,
				2CE5193A1BC76348004DC6BD /* IQToolbar.m in Sources */,
				2C2B50981BBBB4BE0068C1D5 /* SBAddScoreCell.m in Sources */,
				2C89BA9C1BB51C1100685F4B /* SBPerson.m in Sources */,
				2CE519331BC76348004DC6BD /* IQUIWindow+Hierarchy.m in Sources */,
				2C08A8551BB9366F0077FE53 /* LewPopupViewAnimationSlide.m in Sources */,
				2C3A83D01BB8E6BC00A335B5 /* SBAddScoreVCTL.m in Sources */,
				2C89BA921BB51AB200685F4B /* SBMainVCTL.m in Sources */,
				2C08A8521BB9366F0077FE53 /* LewPopupBackgroundView.m in Sources */,
				2C65D71A1BB39DBF00D22F29 /* SBBasicVCTL.m in Sources */,
				2CE519351BC76348004DC6BD /* IQKeyboardReturnKeyHandler.m in Sources */,
				2C1C92C81BD08E71009573E6 /* SBAutoSaveCell.m in Sources */,
				2CE519311BC76348004DC6BD /* IQUIView+Hierarchy.m in Sources */,
				2CB381981BCF347100D4F33F /* JSONKit.m in Sources */,
				2CE519321BC76348004DC6BD /* IQUIViewController+Additions.m in Sources */,
				2CE519341BC76348004DC6BD /* IQKeyboardManager.m in Sources */,
				2C2A16501BCF53CC00D065CD /* MBProgressHUD.m in Sources */,
				2CE519361BC76348004DC6BD /* IQSegmentedNextPrevious.m in Sources */,
				2C2A16761BCF8F5300D065CD /* SBLocalSaveModel.m in Sources */,
				2C2A165F1BCF6C3300D065CD /* SBHistoryVCTL.m in Sources */,
				2C08A8561BB9366F0077FE53 /* LewPopupViewAnimationSpring.m in Sources */,
				2CE519301BC76348004DC6BD /* IQUITextFieldView+Additions.m in Sources */,
				2CE519381BC76348004DC6BD /* IQBarButtonItem.m in Sources */,
				2C1C92CC1BD09362009573E6 /* SBMainViewSaveDataView.m in Sources */,
				2C89BAA31BB5241E00685F4B /* SBMainViewCell.m in Sources */,
				2CE329C51BBA3729008259DD /* UITextField+Shake.m in Sources */,
				2C65D71E1BB39DCE00D22F29 /* SBHomeVCTL.m in Sources */,
				2C0A52501BD08613007F1E32 /* SBAutoSaveVCTL.m in Sources */,
				2C1C92D71BD0D0BA009573E6 /* SBAddScoreHelper.m in Sources */,
				2C2A16691BCF6FF800D065CD /* SBHistoryViewCell.m in Sources */,
				2C89BAAD1BB52CD100685F4B /* SBMainViewHeader.m in Sources */,
				2C89BA991BB51ADF00685F4B /* SBHelper.m in Sources */,
				2C65D6E01BB38F5C00D22F29 /* AppDelegate.m in Sources */,
				2C3A83CA1BB8E4F800A335B5 /* SBAddPlayerVCTL.m in Sources */,
				2C3A83F91BB905EC00A335B5 /* SBAddPlayerCell.m in Sources */,
				2CE5193B1BC76348004DC6BD /* IQUIView+IQKeyboardToolbar.m in Sources */,
				2C65D6DD1BB38F5C00D22F29 /* main.m in Sources */,
				2C08A8531BB9366F0077FE53 /* LewPopupViewAnimationDrop.m in Sources */,
				2CE5192F1BC76348004DC6BD /* IQNSArray+Sort.m in Sources */,
				2C08A8571BB9366F0077FE53 /* UIViewController+LewPopupViewController.m in Sources */,
				2CE092EC1BC6344D00027EED /* SBAddScoreTempModule.m in Sources */,
				2C08A8411BB934940077FE53 /* SBAddPlayerView.m in Sources */,
				2CE519371BC76348004DC6BD /* IQTextView.m in Sources */,
				2C3A83F21BB9053200A335B5 /* MGSwipeTableCell.m in Sources */,
				2C89BAA71BB5243F00685F4B /* SBBasicTableViewCell.m in Sources */,
			);
			runOnlyForDeploymentPostprocessing = 0;
		};
/* End PBXSourcesBuildPhase section */

/* Begin XCBuildConfiguration section */
		2C65D6ED1BB38F5C00D22F29 /* Debug */ = {
			isa = XCBuildConfiguration;
			buildSettings = {
				ALWAYS_SEARCH_USER_PATHS = NO;
				CLANG_CXX_LANGUAGE_STANDARD = "gnu++0x";
				CLANG_CXX_LIBRARY = "libc++";
				CLANG_ENABLE_MODULES = YES;
				CLANG_ENABLE_OBJC_ARC = YES;
				CLANG_WARN_BOOL_CONVERSION = YES;
				CLANG_WARN_CONSTANT_CONVERSION = YES;
				CLANG_WARN_DIRECT_OBJC_ISA_USAGE = YES_ERROR;
				CLANG_WARN_EMPTY_BODY = YES;
				CLANG_WARN_ENUM_CONVERSION = YES;
				CLANG_WARN_INT_CONVERSION = YES;
				CLANG_WARN_OBJC_ROOT_CLASS = YES_ERROR;
				CLANG_WARN_UNREACHABLE_CODE = YES;
				CLANG_WARN__DUPLICATE_METHOD_MATCH = YES;
				"CODE_SIGN_IDENTITY[sdk=iphoneos*]" = "iPhone Developer";
				COPY_PHASE_STRIP = NO;
				DEBUG_INFORMATION_FORMAT = dwarf;
				ENABLE_STRICT_OBJC_MSGSEND = YES;
				ENABLE_TESTABILITY = YES;
				GCC_C_LANGUAGE_STANDARD = gnu99;
				GCC_DYNAMIC_NO_PIC = NO;
				GCC_NO_COMMON_BLOCKS = YES;
				GCC_OPTIMIZATION_LEVEL = 0;
				GCC_PREPROCESSOR_DEFINITIONS = (
					"DEBUG=1",
					"$(inherited)",
				);
				GCC_WARN_64_TO_32_BIT_CONVERSION = YES;
				GCC_WARN_ABOUT_RETURN_TYPE = YES_ERROR;
				GCC_WARN_UNDECLARED_SELECTOR = YES;
				GCC_WARN_UNINITIALIZED_AUTOS = YES_AGGRESSIVE;
				GCC_WARN_UNUSED_FUNCTION = YES;
				GCC_WARN_UNUSED_VARIABLE = YES;
				IPHONEOS_DEPLOYMENT_TARGET = 9.0;
				MTL_ENABLE_DEBUG_INFO = YES;
				ONLY_ACTIVE_ARCH = YES;
				SDKROOT = iphoneos;
				TARGETED_DEVICE_FAMILY = "1,2";
			};
			name = Debug;
		};
		2C65D6EE1BB38F5C00D22F29 /* Release */ = {
			isa = XCBuildConfiguration;
			buildSettings = {
				ALWAYS_SEARCH_USER_PATHS = NO;
				CLANG_CXX_LANGUAGE_STANDARD = "gnu++0x";
				CLANG_CXX_LIBRARY = "libc++";
				CLANG_ENABLE_MODULES = YES;
				CLANG_ENABLE_OBJC_ARC = YES;
				CLANG_WARN_BOOL_CONVERSION = YES;
				CLANG_WARN_CONSTANT_CONVERSION = YES;
				CLANG_WARN_DIRECT_OBJC_ISA_USAGE = YES_ERROR;
				CLANG_WARN_EMPTY_BODY = YES;
				CLANG_WARN_ENUM_CONVERSION = YES;
				CLANG_WARN_INT_CONVERSION = YES;
				CLANG_WARN_OBJC_ROOT_CLASS = YES_ERROR;
				CLANG_WARN_UNREACHABLE_CODE = YES;
				CLANG_WARN__DUPLICATE_METHOD_MATCH = YES;
				"CODE_SIGN_IDENTITY[sdk=iphoneos*]" = "iPhone Developer";
				COPY_PHASE_STRIP = NO;
				DEBUG_INFORMATION_FORMAT = "dwarf-with-dsym";
				ENABLE_NS_ASSERTIONS = NO;
				ENABLE_STRICT_OBJC_MSGSEND = YES;
				GCC_C_LANGUAGE_STANDARD = gnu99;
				GCC_NO_COMMON_BLOCKS = YES;
				GCC_WARN_64_TO_32_BIT_CONVERSION = YES;
				GCC_WARN_ABOUT_RETURN_TYPE = YES_ERROR;
				GCC_WARN_UNDECLARED_SELECTOR = YES;
				GCC_WARN_UNINITIALIZED_AUTOS = YES_AGGRESSIVE;
				GCC_WARN_UNUSED_FUNCTION = YES;
				GCC_WARN_UNUSED_VARIABLE = YES;
				IPHONEOS_DEPLOYMENT_TARGET = 9.0;
				MTL_ENABLE_DEBUG_INFO = NO;
				SDKROOT = iphoneos;
				TARGETED_DEVICE_FAMILY = "1,2";
				VALIDATE_PRODUCT = YES;
			};
			name = Release;
		};
		2C65D6F01BB38F5C00D22F29 /* Debug */ = {
			isa = XCBuildConfiguration;
			buildSettings = {
				ASSETCATALOG_COMPILER_APPICON_NAME = AppIcon;
				CODE_SIGN_IDENTITY = "iPhone Developer";
				INFOPLIST_FILE = scoreBoard/Info.plist;
				IPHONEOS_DEPLOYMENT_TARGET = 9.0;
				LD_RUNPATH_SEARCH_PATHS = "$(inherited) @executable_path/Frameworks";
				PRODUCT_BUNDLE_IDENTIFIER = p1.scoreBoard;
				PRODUCT_NAME = "$(TARGET_NAME)";
				TARGETED_DEVICE_FAMILY = 1;
			};
			name = Debug;
		};
		2C65D6F11BB38F5C00D22F29 /* Release */ = {
			isa = XCBuildConfiguration;
			buildSettings = {
				ASSETCATALOG_COMPILER_APPICON_NAME = AppIcon;
				CODE_SIGN_IDENTITY = "iPhone Developer";
				INFOPLIST_FILE = scoreBoard/Info.plist;
				IPHONEOS_DEPLOYMENT_TARGET = 9.0;
				LD_RUNPATH_SEARCH_PATHS = "$(inherited) @executable_path/Frameworks";
				PRODUCT_BUNDLE_IDENTIFIER = p1.scoreBoard;
				PRODUCT_NAME = "$(TARGET_NAME)";
				TARGETED_DEVICE_FAMILY = 1;
			};
			name = Release;
		};
/* End XCBuildConfiguration section */

/* Begin XCConfigurationList section */
		2C65D6D31BB38F5C00D22F29 /* Build configuration list for PBXProject "scoreBoard" */ = {
			isa = XCConfigurationList;
			buildConfigurations = (
				2C65D6ED1BB38F5C00D22F29 /* Debug */,
				2C65D6EE1BB38F5C00D22F29 /* Release */,
			);
			defaultConfigurationIsVisible = 0;
			defaultConfigurationName = Release;
		};
		2C65D6EF1BB38F5C00D22F29 /* Build configuration list for PBXNativeTarget "scoreBoard" */ = {
			isa = XCConfigurationList;
			buildConfigurations = (
				2C65D6F01BB38F5C00D22F29 /* Debug */,
				2C65D6F11BB38F5C00D22F29 /* Release */,
			);
			defaultConfigurationIsVisible = 0;
			defaultConfigurationName = Release;
		};
/* End XCConfigurationList section */
	};
	rootObject = 2C65D6D01BB38F5C00D22F29 /* Project object */;
}
