// !$*UTF8*$!
{
	archiveVersion = 1;
	classes = {
	};
	objectVersion = 46;
	objects = {

/* Begin PBXBuildFile section */
		2C65D6DD1BB38F5C00D22F29 /* main.m in Sources */ = {isa = PBXBuildFile; fileRef = 2C65D6DC1BB38F5C00D22F29 /* main.m */; };
		2C65D6E01BB38F5C00D22F29 /* AppDelegate.m in Sources */ = {isa = PBXBuildFile; fileRef = 2C65D6DF1BB38F5C00D22F29 /* AppDelegate.m */; };
		2C65D6E81BB38F5C00D22F29 /* Assets.xcassets in Resources */ = {isa = PBXBuildFile; fileRef = 2C65D6E71BB38F5C00D22F29 /* Assets.xcassets */; };
		2C65D71A1BB39DBF00D22F29 /* SBBasicVCTL.m in Sources */ = {isa = PBXBuildFile; fileRef = 2C65D7191BB39DBF00D22F29 /* SBBasicVCTL.m */; settings = {ASSET_TAGS = (); }; };
		2C65D71E1BB39DCE00D22F29 /* SBHomeVCTL.m in Sources */ = {isa = PBXBuildFile; fileRef = 2C65D71C1BB39DCE00D22F29 /* SBHomeVCTL.m */; settings = {ASSET_TAGS = (); }; };
		2C65D71F1BB39DCE00D22F29 /* SBHomeVCTL.xib in Resources */ = {isa = PBXBuildFile; fileRef = 2C65D71D1BB39DCE00D22F29 /* SBHomeVCTL.xib */; settings = {ASSET_TAGS = (); }; };
		2C65D7291BB39E4100D22F29 /* 11519e91feb69ea389a9fc8ec5e2a61d_256_256.png in Resources */ = {isa = PBXBuildFile; fileRef = 2C65D7211BB39E4100D22F29 /* 11519e91feb69ea389a9fc8ec5e2a61d_256_256.png */; settings = {ASSET_TAGS = (); }; };
		2C65D72A1BB39E4100D22F29 /* icon_120.png in Resources */ = {isa = PBXBuildFile; fileRef = 2C65D7221BB39E4100D22F29 /* icon_120.png */; settings = {ASSET_TAGS = (); }; };
		2C65D72B1BB39E4100D22F29 /* icon_152.png in Resources */ = {isa = PBXBuildFile; fileRef = 2C65D7231BB39E4100D22F29 /* icon_152.png */; settings = {ASSET_TAGS = (); }; };
		2C65D72C1BB39E4100D22F29 /* icon_29.png in Resources */ = {isa = PBXBuildFile; fileRef = 2C65D7241BB39E4100D22F29 /* icon_29.png */; settings = {ASSET_TAGS = (); }; };
		2C65D72D1BB39E4100D22F29 /* icon_40.png in Resources */ = {isa = PBXBuildFile; fileRef = 2C65D7251BB39E4100D22F29 /* icon_40.png */; settings = {ASSET_TAGS = (); }; };
		2C65D72E1BB39E4100D22F29 /* icon_58.png in Resources */ = {isa = PBXBuildFile; fileRef = 2C65D7261BB39E4100D22F29 /* icon_58.png */; settings = {ASSET_TAGS = (); }; };
		2C65D72F1BB39E4100D22F29 /* icon_76.png in Resources */ = {isa = PBXBuildFile; fileRef = 2C65D7271BB39E4100D22F29 /* icon_76.png */; settings = {ASSET_TAGS = (); }; };
		2C65D7301BB39E4100D22F29 /* icon_80.png in Resources */ = {isa = PBXBuildFile; fileRef = 2C65D7281BB39E4100D22F29 /* icon_80.png */; settings = {ASSET_TAGS = (); }; };
		2C89BA921BB51AB200685F4B /* SBMainVCTL.m in Sources */ = {isa = PBXBuildFile; fileRef = 2C89BA901BB51AB200685F4B /* SBMainVCTL.m */; settings = {ASSET_TAGS = (); }; };
		2C89BA931BB51AB200685F4B /* SBMainVCTL.xib in Resources */ = {isa = PBXBuildFile; fileRef = 2C89BA911BB51AB200685F4B /* SBMainVCTL.xib */; settings = {ASSET_TAGS = (); }; };
		2C89BA961BB51ACF00685F4B /* SBData.m in Sources */ = {isa = PBXBuildFile; fileRef = 2C89BA951BB51ACF00685F4B /* SBData.m */; settings = {ASSET_TAGS = (); }; };
		2C89BA991BB51ADF00685F4B /* SBHelper.m in Sources */ = {isa = PBXBuildFile; fileRef = 2C89BA981BB51ADF00685F4B /* SBHelper.m */; settings = {ASSET_TAGS = (); }; };
		2C89BA9C1BB51C1100685F4B /* SBPerson.m in Sources */ = {isa = PBXBuildFile; fileRef = 2C89BA9B1BB51C1100685F4B /* SBPerson.m */; settings = {ASSET_TAGS = (); }; };
		2C89BA9F1BB51C4D00685F4B /* SBGame.m in Sources */ = {isa = PBXBuildFile; fileRef = 2C89BA9E1BB51C4D00685F4B /* SBGame.m */; settings = {ASSET_TAGS = (); }; };
		2C89BAA31BB5241E00685F4B /* SBMainViewCell.m in Sources */ = {isa = PBXBuildFile; fileRef = 2C89BAA11BB5241E00685F4B /* SBMainViewCell.m */; settings = {ASSET_TAGS = (); }; };
		2C89BAA41BB5241E00685F4B /* SBMainViewCell.xib in Resources */ = {isa = PBXBuildFile; fileRef = 2C89BAA21BB5241E00685F4B /* SBMainViewCell.xib */; settings = {ASSET_TAGS = (); }; };
		2C89BAA71BB5243F00685F4B /* SBBasicTableViewCell.m in Sources */ = {isa = PBXBuildFile; fileRef = 2C89BAA61BB5243F00685F4B /* SBBasicTableViewCell.m */; settings = {ASSET_TAGS = (); }; };
		2C89BAAA1BB524C300685F4B /* SBCommonDefine.m in Sources */ = {isa = PBXBuildFile; fileRef = 2C89BAA91BB524C300685F4B /* SBCommonDefine.m */; settings = {ASSET_TAGS = (); }; };
		2C89BAAD1BB52CD100685F4B /* SBMainViewHeader.m in Sources */ = {isa = PBXBuildFile; fileRef = 2C89BAAC1BB52CD100685F4B /* SBMainViewHeader.m */; settings = {ASSET_TAGS = (); }; };
		2C89BAAF1BB52CF900685F4B /* SBMainViewHeader.xib in Resources */ = {isa = PBXBuildFile; fileRef = 2C89BAAE1BB52CF900685F4B /* SBMainViewHeader.xib */; settings = {ASSET_TAGS = (); }; };
/* End PBXBuildFile section */

/* Begin PBXFileReference section */
		2C65D6D81BB38F5C00D22F29 /* scoreBoard.app */ = {isa = PBXFileReference; explicitFileType = wrapper.application; includeInIndex = 0; path = scoreBoard.app; sourceTree = BUILT_PRODUCTS_DIR; };
		2C65D6DC1BB38F5C00D22F29 /* main.m */ = {isa = PBXFileReference; lastKnownFileType = sourcecode.c.objc; path = main.m; sourceTree = "<group>"; };
		2C65D6DE1BB38F5C00D22F29 /* AppDelegate.h */ = {isa = PBXFileReference; lastKnownFileType = sourcecode.c.h; path = AppDelegate.h; sourceTree = "<group>"; };
		2C65D6DF1BB38F5C00D22F29 /* AppDelegate.m */ = {isa = PBXFileReference; lastKnownFileType = sourcecode.c.objc; path = AppDelegate.m; sourceTree = "<group>"; };
		2C65D6E71BB38F5C00D22F29 /* Assets.xcassets */ = {isa = PBXFileReference; lastKnownFileType = folder.assetcatalog; path = Assets.xcassets; sourceTree = "<group>"; };
		2C65D6EC1BB38F5C00D22F29 /* Info.plist */ = {isa = PBXFileReference; lastKnownFileType = text.plist.xml; path = Info.plist; sourceTree = "<group>"; };
		2C65D7181BB39DBF00D22F29 /* SBBasicVCTL.h */ = {isa = PBXFileReference; fileEncoding = 4; lastKnownFileType = sourcecode.c.h; path = SBBasicVCTL.h; sourceTree = "<group>"; };
		2C65D7191BB39DBF00D22F29 /* SBBasicVCTL.m */ = {isa = PBXFileReference; fileEncoding = 4; lastKnownFileType = sourcecode.c.objc; path = SBBasicVCTL.m; sourceTree = "<group>"; };
		2C65D71B1BB39DCE00D22F29 /* SBHomeVCTL.h */ = {isa = PBXFileReference; fileEncoding = 4; lastKnownFileType = sourcecode.c.h; path = SBHomeVCTL.h; sourceTree = "<group>"; };
		2C65D71C1BB39DCE00D22F29 /* SBHomeVCTL.m */ = {isa = PBXFileReference; fileEncoding = 4; lastKnownFileType = sourcecode.c.objc; path = SBHomeVCTL.m; sourceTree = "<group>"; };
		2C65D71D1BB39DCE00D22F29 /* SBHomeVCTL.xib */ = {isa = PBXFileReference; fileEncoding = 4; lastKnownFileType = file.xib; path = SBHomeVCTL.xib; sourceTree = "<group>"; };
		2C65D7211BB39E4100D22F29 /* 11519e91feb69ea389a9fc8ec5e2a61d_256_256.png */ = {isa = PBXFileReference; lastKnownFileType = image.png; path = 11519e91feb69ea389a9fc8ec5e2a61d_256_256.png; sourceTree = "<group>"; };
		2C65D7221BB39E4100D22F29 /* icon_120.png */ = {isa = PBXFileReference; lastKnownFileType = image.png; path = icon_120.png; sourceTree = "<group>"; };
		2C65D7231BB39E4100D22F29 /* icon_152.png */ = {isa = PBXFileReference; lastKnownFileType = image.png; path = icon_152.png; sourceTree = "<group>"; };
		2C65D7241BB39E4100D22F29 /* icon_29.png */ = {isa = PBXFileReference; lastKnownFileType = image.png; path = icon_29.png; sourceTree = "<group>"; };
		2C65D7251BB39E4100D22F29 /* icon_40.png */ = {isa = PBXFileReference; lastKnownFileType = image.png; path = icon_40.png; sourceTree = "<group>"; };
		2C65D7261BB39E4100D22F29 /* icon_58.png */ = {isa = PBXFileReference; lastKnownFileType = image.png; path = icon_58.png; sourceTree = "<group>"; };
		2C65D7271BB39E4100D22F29 /* icon_76.png */ = {isa = PBXFileReference; lastKnownFileType = image.png; path = icon_76.png; sourceTree = "<group>"; };
		2C65D7281BB39E4100D22F29 /* icon_80.png */ = {isa = PBXFileReference; lastKnownFileType = image.png; path = icon_80.png; sourceTree = "<group>"; };
		2C89BA8F1BB51AB200685F4B /* SBMainVCTL.h */ = {isa = PBXFileReference; fileEncoding = 4; lastKnownFileType = sourcecode.c.h; path = SBMainVCTL.h; sourceTree = "<group>"; };
		2C89BA901BB51AB200685F4B /* SBMainVCTL.m */ = {isa = PBXFileReference; fileEncoding = 4; lastKnownFileType = sourcecode.c.objc; path = SBMainVCTL.m; sourceTree = "<group>"; };
		2C89BA911BB51AB200685F4B /* SBMainVCTL.xib */ = {isa = PBXFileReference; fileEncoding = 4; lastKnownFileType = file.xib; path = SBMainVCTL.xib; sourceTree = "<group>"; };
		2C89BA941BB51ACF00685F4B /* SBData.h */ = {isa = PBXFileReference; fileEncoding = 4; lastKnownFileType = sourcecode.c.h; path = SBData.h; sourceTree = "<group>"; };
		2C89BA951BB51ACF00685F4B /* SBData.m */ = {isa = PBXFileReference; fileEncoding = 4; lastKnownFileType = sourcecode.c.objc; path = SBData.m; sourceTree = "<group>"; };
		2C89BA971BB51ADF00685F4B /* SBHelper.h */ = {isa = PBXFileReference; fileEncoding = 4; lastKnownFileType = sourcecode.c.h; path = SBHelper.h; sourceTree = "<group>"; };
		2C89BA981BB51ADF00685F4B /* SBHelper.m */ = {isa = PBXFileReference; fileEncoding = 4; lastKnownFileType = sourcecode.c.objc; path = SBHelper.m; sourceTree = "<group>"; };
		2C89BA9A1BB51C1100685F4B /* SBPerson.h */ = {isa = PBXFileReference; fileEncoding = 4; lastKnownFileType = sourcecode.c.h; path = SBPerson.h; sourceTree = "<group>"; };
		2C89BA9B1BB51C1100685F4B /* SBPerson.m */ = {isa = PBXFileReference; fileEncoding = 4; lastKnownFileType = sourcecode.c.objc; path = SBPerson.m; sourceTree = "<group>"; };
		2C89BA9D1BB51C4D00685F4B /* SBGame.h */ = {isa = PBXFileReference; fileEncoding = 4; lastKnownFileType = sourcecode.c.h; path = SBGame.h; sourceTree = "<group>"; };
		2C89BA9E1BB51C4D00685F4B /* SBGame.m */ = {isa = PBXFileReference; fileEncoding = 4; lastKnownFileType = sourcecode.c.objc; path = SBGame.m; sourceTree = "<group>"; };
		2C89BAA01BB5241E00685F4B /* SBMainViewCell.h */ = {isa = PBXFileReference; fileEncoding = 4; lastKnownFileType = sourcecode.c.h; path = SBMainViewCell.h; sourceTree = "<group>"; };
		2C89BAA11BB5241E00685F4B /* SBMainViewCell.m */ = {isa = PBXFileReference; fileEncoding = 4; lastKnownFileType = sourcecode.c.objc; path = SBMainViewCell.m; sourceTree = "<group>"; };
		2C89BAA21BB5241E00685F4B /* SBMainViewCell.xib */ = {isa = PBXFileReference; fileEncoding = 4; lastKnownFileType = file.xib; path = SBMainViewCell.xib; sourceTree = "<group>"; };
		2C89BAA51BB5243F00685F4B /* SBBasicTableViewCell.h */ = {isa = PBXFileReference; fileEncoding = 4; lastKnownFileType = sourcecode.c.h; path = SBBasicTableViewCell.h; sourceTree = "<group>"; };
		2C89BAA61BB5243F00685F4B /* SBBasicTableViewCell.m */ = {isa = PBXFileReference; fileEncoding = 4; lastKnownFileType = sourcecode.c.objc; path = SBBasicTableViewCell.m; sourceTree = "<group>"; };
		2C89BAA81BB524C300685F4B /* SBCommonDefine.h */ = {isa = PBXFileReference; fileEncoding = 4; lastKnownFileType = sourcecode.c.h; path = SBCommonDefine.h; sourceTree = "<group>"; };
		2C89BAA91BB524C300685F4B /* SBCommonDefine.m */ = {isa = PBXFileReference; fileEncoding = 4; lastKnownFileType = sourcecode.c.objc; path = SBCommonDefine.m; sourceTree = "<group>"; };
		2C89BAAB1BB52CD100685F4B /* SBMainViewHeader.h */ = {isa = PBXFileReference; fileEncoding = 4; lastKnownFileType = sourcecode.c.h; path = SBMainViewHeader.h; sourceTree = "<group>"; };
		2C89BAAC1BB52CD100685F4B /* SBMainViewHeader.m */ = {isa = PBXFileReference; fileEncoding = 4; lastKnownFileType = sourcecode.c.objc; path = SBMainViewHeader.m; sourceTree = "<group>"; };
		2C89BAAE1BB52CF900685F4B /* SBMainViewHeader.xib */ = {isa = PBXFileReference; fileEncoding = 4; lastKnownFileType = file.xib; path = SBMainViewHeader.xib; sourceTree = "<group>"; };
/* End PBXFileReference section */

/* Begin PBXFrameworksBuildPhase section */
		2C65D6D51BB38F5C00D22F29 /* Frameworks */ = {
			isa = PBXFrameworksBuildPhase;
			buildActionMask = 2147483647;
			files = (
			);
			runOnlyForDeploymentPostprocessing = 0;
		};
/* End PBXFrameworksBuildPhase section */

/* Begin PBXGroup section */
		2C65D6CF1BB38F5C00D22F29 = {
			isa = PBXGroup;
			children = (
				2C65D6DA1BB38F5C00D22F29 /* scoreBoard */,
				2C65D6D91BB38F5C00D22F29 /* Products */,
			);
			sourceTree = "<group>";
		};
		2C65D6D91BB38F5C00D22F29 /* Products */ = {
			isa = PBXGroup;
			children = (
				2C65D6D81BB38F5C00D22F29 /* scoreBoard.app */,
			);
			name = Products;
			sourceTree = "<group>";
		};
		2C65D6DA1BB38F5C00D22F29 /* scoreBoard */ = {
			isa = PBXGroup;
			children = (
				2C65D7131BB39D9B00D22F29 /* sylar */,
				2C65D6DE1BB38F5C00D22F29 /* AppDelegate.h */,
				2C65D6DF1BB38F5C00D22F29 /* AppDelegate.m */,
				2C65D6E71BB38F5C00D22F29 /* Assets.xcassets */,
				2C65D6EC1BB38F5C00D22F29 /* Info.plist */,
				2C65D6DB1BB38F5C00D22F29 /* Supporting Files */,
			);
			path = scoreBoard;
			sourceTree = "<group>";
		};
		2C65D6DB1BB38F5C00D22F29 /* Supporting Files */ = {
			isa = PBXGroup;
			children = (
				2C65D6DC1BB38F5C00D22F29 /* main.m */,
			);
			name = "Supporting Files";
			sourceTree = "<group>";
		};
		2C65D7131BB39D9B00D22F29 /* sylar */ = {
			isa = PBXGroup;
			children = (
				2C65D7151BB39D9B00D22F29 /* section */,
				2C89BA871BB51A7700685F4B /* helper */,
				2C89BA881BB51A7700685F4B /* model */,
				2C65D7141BB39D9B00D22F29 /* resource */,
			);
			path = sylar;
			sourceTree = "<group>";
		};
		2C65D7141BB39D9B00D22F29 /* resource */ = {
			isa = PBXGroup;
			children = (
				2C65D7201BB39E4100D22F29 /* icon */,
			);
			path = resource;
			sourceTree = "<group>";
		};
		2C65D7151BB39D9B00D22F29 /* section */ = {
			isa = PBXGroup;
			children = (
				2C89BA8E1BB51AB200685F4B /* mainView */,
				2C65D7161BB39D9B00D22F29 /* basic */,
				2C65D7171BB39D9B00D22F29 /* home */,
			);
			path = section;
			sourceTree = "<group>";
		};
		2C65D7161BB39D9B00D22F29 /* basic */ = {
			isa = PBXGroup;
			children = (
				2C65D7181BB39DBF00D22F29 /* SBBasicVCTL.h */,
				2C65D7191BB39DBF00D22F29 /* SBBasicVCTL.m */,
				2C89BAA51BB5243F00685F4B /* SBBasicTableViewCell.h */,
				2C89BAA61BB5243F00685F4B /* SBBasicTableViewCell.m */,
			);
			path = basic;
			sourceTree = "<group>";
		};
		2C65D7171BB39D9B00D22F29 /* home */ = {
			isa = PBXGroup;
			children = (
				2C65D71B1BB39DCE00D22F29 /* SBHomeVCTL.h */,
				2C65D71C1BB39DCE00D22F29 /* SBHomeVCTL.m */,
				2C65D71D1BB39DCE00D22F29 /* SBHomeVCTL.xib */,
			);
			path = home;
			sourceTree = "<group>";
		};
		2C65D7201BB39E4100D22F29 /* icon */ = {
			isa = PBXGroup;
			children = (
				2C65D7211BB39E4100D22F29 /* 11519e91feb69ea389a9fc8ec5e2a61d_256_256.png */,
				2C65D7221BB39E4100D22F29 /* icon_120.png */,
				2C65D7231BB39E4100D22F29 /* icon_152.png */,
				2C65D7241BB39E4100D22F29 /* icon_29.png */,
				2C65D7251BB39E4100D22F29 /* icon_40.png */,
				2C65D7261BB39E4100D22F29 /* icon_58.png */,
				2C65D7271BB39E4100D22F29 /* icon_76.png */,
				2C65D7281BB39E4100D22F29 /* icon_80.png */,
			);
			path = icon;
			sourceTree = "<group>";
		};
		2C89BA871BB51A7700685F4B /* helper */ = {
			isa = PBXGroup;
			children = (
				2C89BA971BB51ADF00685F4B /* SBHelper.h */,
				2C89BA981BB51ADF00685F4B /* SBHelper.m */,
				2C89BAA81BB524C300685F4B /* SBCommonDefine.h */,
				2C89BAA91BB524C300685F4B /* SBCommonDefine.m */,
			);
			path = helper;
			sourceTree = "<group>";
		};
		2C89BA881BB51A7700685F4B /* model */ = {
			isa = PBXGroup;
			children = (
				2C89BA941BB51ACF00685F4B /* SBData.h */,
				2C89BA951BB51ACF00685F4B /* SBData.m */,
				2C89BA9A1BB51C1100685F4B /* SBPerson.h */,
				2C89BA9B1BB51C1100685F4B /* SBPerson.m */,
				2C89BA9D1BB51C4D00685F4B /* SBGame.h */,
				2C89BA9E1BB51C4D00685F4B /* SBGame.m */,
			);
			path = model;
			sourceTree = "<group>";
		};
		2C89BA8E1BB51AB200685F4B /* mainView */ = {
			isa = PBXGroup;
			children = (
				2C89BA8F1BB51AB200685F4B /* SBMainVCTL.h */,
				2C89BA901BB51AB200685F4B /* SBMainVCTL.m */,
				2C89BA911BB51AB200685F4B /* SBMainVCTL.xib */,
				2C89BAA01BB5241E00685F4B /* SBMainViewCell.h */,
				2C89BAA11BB5241E00685F4B /* SBMainViewCell.m */,
				2C89BAA21BB5241E00685F4B /* SBMainViewCell.xib */,
				2C89BAAB1BB52CD100685F4B /* SBMainViewHeader.h */,
				2C89BAAC1BB52CD100685F4B /* SBMainViewHeader.m */,
				2C89BAAE1BB52CF900685F4B /* SBMainViewHeader.xib */,
			);
			path = mainView;
			sourceTree = "<group>";
		};
/* End PBXGroup section */

/* Begin PBXNativeTarget section */
		2C65D6D71BB38F5C00D22F29 /* scoreBoard */ = {
			isa = PBXNativeTarget;
			buildConfigurationList = 2C65D6EF1BB38F5C00D22F29 /* Build configuration list for PBXNativeTarget "scoreBoard" */;
			buildPhases = (
				2C65D6D41BB38F5C00D22F29 /* Sources */,
				2C65D6D51BB38F5C00D22F29 /* Frameworks */,
				2C65D6D61BB38F5C00D22F29 /* Resources */,
			);
			buildRules = (
			);
			dependencies = (
			);
			name = scoreBoard;
			productName = scoreBoard;
			productReference = 2C65D6D81BB38F5C00D22F29 /* scoreBoard.app */;
			productType = "com.apple.product-type.application";
		};
/* End PBXNativeTarget section */

/* Begin PBXProject section */
		2C65D6D01BB38F5C00D22F29 /* Project object */ = {
			isa = PBXProject;
			attributes = {
				CLASSPREFIX = SB;
				LastUpgradeCheck = 0700;
				ORGANIZATIONNAME = sylar;
				TargetAttributes = {
					2C65D6D71BB38F5C00D22F29 = {
						CreatedOnToolsVersion = 7.0;
					};
				};
			};
			buildConfigurationList = 2C65D6D31BB38F5C00D22F29 /* Build configuration list for PBXProject "scoreBoard" */;
			compatibilityVersion = "Xcode 3.2";
			developmentRegion = English;
			hasScannedForEncodings = 0;
			knownRegions = (
				en,
				Base,
			);
			mainGroup = 2C65D6CF1BB38F5C00D22F29;
			productRefGroup = 2C65D6D91BB38F5C00D22F29 /* Products */;
			projectDirPath = "";
			projectRoot = "";
			targets = (
				2C65D6D71BB38F5C00D22F29 /* scoreBoard */,
			);
		};
/* End PBXProject section */

/* Begin PBXResourcesBuildPhase section */
		2C65D6D61BB38F5C00D22F29 /* Resources */ = {
			isa = PBXResourcesBuildPhase;
			buildActionMask = 2147483647;
			files = (
				2C89BAA41BB5241E00685F4B /* SBMainViewCell.xib in Resources */,
				2C65D72C1BB39E4100D22F29 /* icon_29.png in Resources */,
				2C65D6E81BB38F5C00D22F29 /* Assets.xcassets in Resources */,
				2C65D72B1BB39E4100D22F29 /* icon_152.png in Resources */,
				2C89BAAF1BB52CF900685F4B /* SBMainViewHeader.xib in Resources */,
				2C65D72D1BB39E4100D22F29 /* icon_40.png in Resources */,
				2C65D71F1BB39DCE00D22F29 /* SBHomeVCTL.xib in Resources */,
				2C65D7291BB39E4100D22F29 /* 11519e91feb69ea389a9fc8ec5e2a61d_256_256.png in Resources */,
				2C65D72F1BB39E4100D22F29 /* icon_76.png in Resources */,
				2C65D72E1BB39E4100D22F29 /* icon_58.png in Resources */,
				2C65D72A1BB39E4100D22F29 /* icon_120.png in Resources */,
				2C89BA931BB51AB200685F4B /* SBMainVCTL.xib in Resources */,
				2C65D7301BB39E4100D22F29 /* icon_80.png in Resources */,
			);
			runOnlyForDeploymentPostprocessing = 0;
		};
/* End PBXResourcesBuildPhase section */

/* Begin PBXSourcesBuildPhase section */
		2C65D6D41BB38F5C00D22F29 /* Sources */ = {
			isa = PBXSourcesBuildPhase;
			buildActionMask = 2147483647;
			files = (
				2C89BAAA1BB524C300685F4B /* SBCommonDefine.m in Sources */,
				2C89BA961BB51ACF00685F4B /* SBData.m in Sources */,
				2C89BA9C1BB51C1100685F4B /* SBPerson.m in Sources */,
				2C89BA921BB51AB200685F4B /* SBMainVCTL.m in Sources */,
				2C65D71A1BB39DBF00D22F29 /* SBBasicVCTL.m in Sources */,
				2C89BAA31BB5241E00685F4B /* SBMainViewCell.m in Sources */,
				2C65D71E1BB39DCE00D22F29 /* SBHomeVCTL.m in Sources */,
				2C89BAAD1BB52CD100685F4B /* SBMainViewHeader.m in Sources */,
				2C89BA991BB51ADF00685F4B /* SBHelper.m in Sources */,
				2C65D6E01BB38F5C00D22F29 /* AppDelegate.m in Sources */,
				2C89BA9F1BB51C4D00685F4B /* SBGame.m in Sources */,
				2C65D6DD1BB38F5C00D22F29 /* main.m in Sources */,
				2C89BAA71BB5243F00685F4B /* SBBasicTableViewCell.m in Sources */,
			);
			runOnlyForDeploymentPostprocessing = 0;
		};
/* End PBXSourcesBuildPhase section */

/* Begin XCBuildConfiguration section */
		2C65D6ED1BB38F5C00D22F29 /* Debug */ = {
			isa = XCBuildConfiguration;
			buildSettings = {
				ALWAYS_SEARCH_USER_PATHS = NO;
				CLANG_CXX_LANGUAGE_STANDARD = "gnu++0x";
				CLANG_CXX_LIBRARY = "libc++";
				CLANG_ENABLE_MODULES = YES;
				CLANG_ENABLE_OBJC_ARC = YES;
				CLANG_WARN_BOOL_CONVERSION = YES;
				CLANG_WARN_CONSTANT_CONVERSION = YES;
				CLANG_WARN_DIRECT_OBJC_ISA_USAGE = YES_ERROR;
				CLANG_WARN_EMPTY_BODY = YES;
				CLANG_WARN_ENUM_CONVERSION = YES;
				CLANG_WARN_INT_CONVERSION = YES;
				CLANG_WARN_OBJC_ROOT_CLASS = YES_ERROR;
				CLANG_WARN_UNREACHABLE_CODE = YES;
				CLANG_WARN__DUPLICATE_METHOD_MATCH = YES;
				"CODE_SIGN_IDENTITY[sdk=iphoneos*]" = "iPhone Developer";
				COPY_PHASE_STRIP = NO;
				DEBUG_INFORMATION_FORMAT = dwarf;
				ENABLE_STRICT_OBJC_MSGSEND = YES;
				ENABLE_TESTABILITY = YES;
				GCC_C_LANGUAGE_STANDARD = gnu99;
				GCC_DYNAMIC_NO_PIC = NO;
				GCC_NO_COMMON_BLOCKS = YES;
				GCC_OPTIMIZATION_LEVEL = 0;
				GCC_PREPROCESSOR_DEFINITIONS = (
					"DEBUG=1",
					"$(inherited)",
				);
				GCC_WARN_64_TO_32_BIT_CONVERSION = YES;
				GCC_WARN_ABOUT_RETURN_TYPE = YES_ERROR;
				GCC_WARN_UNDECLARED_SELECTOR = YES;
				GCC_WARN_UNINITIALIZED_AUTOS = YES_AGGRESSIVE;
				GCC_WARN_UNUSED_FUNCTION = YES;
				GCC_WARN_UNUSED_VARIABLE = YES;
				IPHONEOS_DEPLOYMENT_TARGET = 9.0;
				MTL_ENABLE_DEBUG_INFO = YES;
				ONLY_ACTIVE_ARCH = YES;
				SDKROOT = iphoneos;
				TARGETED_DEVICE_FAMILY = "1,2";
			};
			name = Debug;
		};
		2C65D6EE1BB38F5C00D22F29 /* Release */ = {
			isa = XCBuildConfiguration;
			buildSettings = {
				ALWAYS_SEARCH_USER_PATHS = NO;
				CLANG_CXX_LANGUAGE_STANDARD = "gnu++0x";
				CLANG_CXX_LIBRARY = "libc++";
				CLANG_ENABLE_MODULES = YES;
				CLANG_ENABLE_OBJC_ARC = YES;
				CLANG_WARN_BOOL_CONVERSION = YES;
				CLANG_WARN_CONSTANT_CONVERSION = YES;
				CLANG_WARN_DIRECT_OBJC_ISA_USAGE = YES_ERROR;
				CLANG_WARN_EMPTY_BODY = YES;
				CLANG_WARN_ENUM_CONVERSION = YES;
				CLANG_WARN_INT_CONVERSION = YES;
				CLANG_WARN_OBJC_ROOT_CLASS = YES_ERROR;
				CLANG_WARN_UNREACHABLE_CODE = YES;
				CLANG_WARN__DUPLICATE_METHOD_MATCH = YES;
				"CODE_SIGN_IDENTITY[sdk=iphoneos*]" = "iPhone Developer";
				COPY_PHASE_STRIP = NO;
				DEBUG_INFORMATION_FORMAT = "dwarf-with-dsym";
				ENABLE_NS_ASSERTIONS = NO;
				ENABLE_STRICT_OBJC_MSGSEND = YES;
				GCC_C_LANGUAGE_STANDARD = gnu99;
				GCC_NO_COMMON_BLOCKS = YES;
				GCC_WARN_64_TO_32_BIT_CONVERSION = YES;
				GCC_WARN_ABOUT_RETURN_TYPE = YES_ERROR;
				GCC_WARN_UNDECLARED_SELECTOR = YES;
				GCC_WARN_UNINITIALIZED_AUTOS = YES_AGGRESSIVE;
				GCC_WARN_UNUSED_FUNCTION = YES;
				GCC_WARN_UNUSED_VARIABLE = YES;
				IPHONEOS_DEPLOYMENT_TARGET = 9.0;
				MTL_ENABLE_DEBUG_INFO = NO;
				SDKROOT = iphoneos;
				TARGETED_DEVICE_FAMILY = "1,2";
				VALIDATE_PRODUCT = YES;
			};
			name = Release;
		};
		2C65D6F01BB38F5C00D22F29 /* Debug */ = {
			isa = XCBuildConfiguration;
			buildSettings = {
				ASSETCATALOG_COMPILER_APPICON_NAME = AppIcon;
				ASSETCATALOG_COMPILER_LAUNCHIMAGE_NAME = LaunchImage;
				INFOPLIST_FILE = scoreBoard/Info.plist;
				IPHONEOS_DEPLOYMENT_TARGET = 9.0;
				LD_RUNPATH_SEARCH_PATHS = "$(inherited) @executable_path/Frameworks";
				PRODUCT_BUNDLE_IDENTIFIER = p1.scoreBoard;
				PRODUCT_NAME = "$(TARGET_NAME)";
				TARGETED_DEVICE_FAMILY = 1;
			};
			name = Debug;
		};
		2C65D6F11BB38F5C00D22F29 /* Release */ = {
			isa = XCBuildConfiguration;
			buildSettings = {
				ASSETCATALOG_COMPILER_APPICON_NAME = AppIcon;
				ASSETCATALOG_COMPILER_LAUNCHIMAGE_NAME = LaunchImage;
				INFOPLIST_FILE = scoreBoard/Info.plist;
				IPHONEOS_DEPLOYMENT_TARGET = 9.0;
				LD_RUNPATH_SEARCH_PATHS = "$(inherited) @executable_path/Frameworks";
				PRODUCT_BUNDLE_IDENTIFIER = p1.scoreBoard;
				PRODUCT_NAME = "$(TARGET_NAME)";
				TARGETED_DEVICE_FAMILY = 1;
			};
			name = Release;
		};
/* End XCBuildConfiguration section */

/* Begin XCConfigurationList section */
		2C65D6D31BB38F5C00D22F29 /* Build configuration list for PBXProject "scoreBoard" */ = {
			isa = XCConfigurationList;
			buildConfigurations = (
				2C65D6ED1BB38F5C00D22F29 /* Debug */,
				2C65D6EE1BB38F5C00D22F29 /* Release */,
			);
			defaultConfigurationIsVisible = 0;
			defaultConfigurationName = Release;
		};
		2C65D6EF1BB38F5C00D22F29 /* Build configuration list for PBXNativeTarget "scoreBoard" */ = {
			isa = XCConfigurationList;
			buildConfigurations = (
				2C65D6F01BB38F5C00D22F29 /* Debug */,
				2C65D6F11BB38F5C00D22F29 /* Release */,
			);
			defaultConfigurationIsVisible = 0;
			defaultConfigurationName = Release;
		};
/* End XCConfigurationList section */
	};
	rootObject = 2C65D6D01BB38F5C00D22F29 /* Project object */;
}
